// !$*UTF8*$!
{
	archiveVersion = 1;
	classes = {
	};
	objectVersion = 50;
	objects = {

/* Begin PBXBuildFile section */
		112F2F3422DDF2F000075244 /* Tutor.xcassets in Resources */ = {isa = PBXBuildFile; fileRef = 112F2F3322DDF2F000075244 /* Tutor.xcassets */; };
		112F2F5722DDF30100075244 /* FormView.swift in Sources */ = {isa = PBXBuildFile; fileRef = 112F2F3722DDF30100075244 /* FormView.swift */; };
		112F2F5822DDF30100075244 /* FormRow.swift in Sources */ = {isa = PBXBuildFile; fileRef = 112F2F3822DDF30100075244 /* FormRow.swift */; };
		112F2F5922DDF30100075244 /* MenuListView.swift in Sources */ = {isa = PBXBuildFile; fileRef = 112F2F3A22DDF30100075244 /* MenuListView.swift */; };
		112F2F5A22DDF30100075244 /* MenuRow.swift in Sources */ = {isa = PBXBuildFile; fileRef = 112F2F3B22DDF30100075244 /* MenuRow.swift */; };
		112F2F5B22DDF30100075244 /* MenuDetailView.swift in Sources */ = {isa = PBXBuildFile; fileRef = 112F2F3C22DDF30100075244 /* MenuDetailView.swift */; };
		112F2F5C22DDF30100075244 /* LandingView.swift in Sources */ = {isa = PBXBuildFile; fileRef = 112F2F3E22DDF30100075244 /* LandingView.swift */; };
		112F2F5D22DDF30100075244 /* RepoRow.swift in Sources */ = {isa = PBXBuildFile; fileRef = 112F2F4022DDF30100075244 /* RepoRow.swift */; };
		112F2F5E22DDF30100075244 /* SearchRepoView.swift in Sources */ = {isa = PBXBuildFile; fileRef = 112F2F4122DDF30100075244 /* SearchRepoView.swift */; };
		112F2F5F22DDF30100075244 /* ReposStore.swift in Sources */ = {isa = PBXBuildFile; fileRef = 112F2F4222DDF30100075244 /* ReposStore.swift */; };
		112F2F6022DDF30100075244 /* ServiceHelper.swift in Sources */ = {isa = PBXBuildFile; fileRef = 112F2F4322DDF30100075244 /* ServiceHelper.swift */; };
		112F2F6122DDF30100075244 /* Repo.swift in Sources */ = {isa = PBXBuildFile; fileRef = 112F2F4422DDF30100075244 /* Repo.swift */; };
		112F2F6222DDF30100075244 /* TutorRowView.swift in Sources */ = {isa = PBXBuildFile; fileRef = 112F2F4622DDF30100075244 /* TutorRowView.swift */; };
		112F2F6322DDF30100075244 /* TutorListView.swift in Sources */ = {isa = PBXBuildFile; fileRef = 112F2F4722DDF30100075244 /* TutorListView.swift */; };
		112F2F6422DDF30100075244 /* TutorDetailView.swift in Sources */ = {isa = PBXBuildFile; fileRef = 112F2F4822DDF30100075244 /* TutorDetailView.swift */; };
		112F2F6522DDF30100075244 /* SettingsView.swift in Sources */ = {isa = PBXBuildFile; fileRef = 112F2F4A22DDF30100075244 /* SettingsView.swift */; };
		112F2F6622DDF30100075244 /* SettingsStore.swift in Sources */ = {isa = PBXBuildFile; fileRef = 112F2F4B22DDF30100075244 /* SettingsStore.swift */; };
		112F2F6722DDF30100075244 /* p-4.jpg in Resources */ = {isa = PBXBuildFile; fileRef = 112F2F4D22DDF30100075244 /* p-4.jpg */; };
		112F2F6822DDF30100075244 /* p-1.jpg in Resources */ = {isa = PBXBuildFile; fileRef = 112F2F4E22DDF30100075244 /* p-1.jpg */; };
		112F2F6922DDF30100075244 /* p-3.jpg in Resources */ = {isa = PBXBuildFile; fileRef = 112F2F4F22DDF30100075244 /* p-3.jpg */; };
		112F2F6A22DDF30100075244 /* p-2.jpg in Resources */ = {isa = PBXBuildFile; fileRef = 112F2F5022DDF30100075244 /* p-2.jpg */; };
		112F2F6B22DDF30100075244 /* Tutor.swift in Sources */ = {isa = PBXBuildFile; fileRef = 112F2F5222DDF30100075244 /* Tutor.swift */; };
		112F2F6C22DDF30100075244 /* MenuItem.swift in Sources */ = {isa = PBXBuildFile; fileRef = 112F2F5322DDF30100075244 /* MenuItem.swift */; };
		112F2F6D22DDF30100075244 /* File.rtf in Resources */ = {isa = PBXBuildFile; fileRef = 112F2F5522DDF30100075244 /* File.rtf */; };
		112F2F6E22DDF30100075244 /* Menu.json in Resources */ = {isa = PBXBuildFile; fileRef = 112F2F5622DDF30100075244 /* Menu.json */; };
		112F2F7122DDF73900075244 /* LoginView.swift in Sources */ = {isa = PBXBuildFile; fileRef = 112F2F7022DDF73900075244 /* LoginView.swift */; };
		1138257922DDF2AA0014B691 /* AppDelegate.swift in Sources */ = {isa = PBXBuildFile; fileRef = 1138257822DDF2AA0014B691 /* AppDelegate.swift */; };
		1138257B22DDF2AA0014B691 /* SceneDelegate.swift in Sources */ = {isa = PBXBuildFile; fileRef = 1138257A22DDF2AA0014B691 /* SceneDelegate.swift */; };
		1138257F22DDF2AC0014B691 /* Assets.xcassets in Resources */ = {isa = PBXBuildFile; fileRef = 1138257E22DDF2AC0014B691 /* Assets.xcassets */; };
		1138258222DDF2AC0014B691 /* Preview Assets.xcassets in Resources */ = {isa = PBXBuildFile; fileRef = 1138258122DDF2AC0014B691 /* Preview Assets.xcassets */; };
		1138258522DDF2AC0014B691 /* LaunchScreen.storyboard in Resources */ = {isa = PBXBuildFile; fileRef = 1138258322DDF2AC0014B691 /* LaunchScreen.storyboard */; };
		1138259022DDF2AC0014B691 /* SwiftUIDemoTests.swift in Sources */ = {isa = PBXBuildFile; fileRef = 1138258F22DDF2AC0014B691 /* SwiftUIDemoTests.swift */; };
		11EA162022DE044B00C799D2 /* FoodList.swift in Sources */ = {isa = PBXBuildFile; fileRef = 11EA161F22DE044B00C799D2 /* FoodList.swift */; };
		11FCDCF522DEE9230013FDB9 /* Food.swift in Sources */ = {isa = PBXBuildFile; fileRef = 11FCDCF422DEE9230013FDB9 /* Food.swift */; };
		11FCDCF722DEE9C40013FDB9 /* FoodDetailRow.swift in Sources */ = {isa = PBXBuildFile; fileRef = 11FCDCF622DEE9C40013FDB9 /* FoodDetailRow.swift */; };
		11FCDCF922DEEAAD0013FDB9 /* FoodDetailView.swift in Sources */ = {isa = PBXBuildFile; fileRef = 11FCDCF822DEEAAD0013FDB9 /* FoodDetailView.swift */; };
		11FCDCFB22DEEB040013FDB9 /* FoodHelper.swift in Sources */ = {isa = PBXBuildFile; fileRef = 11FCDCFA22DEEB040013FDB9 /* FoodHelper.swift */; };
/* End PBXBuildFile section */

/* Begin PBXContainerItemProxy section */
		1138258C22DDF2AC0014B691 /* PBXContainerItemProxy */ = {
			isa = PBXContainerItemProxy;
			containerPortal = 1138256D22DDF2AA0014B691 /* Project object */;
			proxyType = 1;
			remoteGlobalIDString = 1138257422DDF2AA0014B691;
			remoteInfo = SwiftUIDemo;
		};
/* End PBXContainerItemProxy section */

/* Begin PBXFileReference section */
		112F2F3322DDF2F000075244 /* Tutor.xcassets */ = {isa = PBXFileReference; lastKnownFileType = folder.assetcatalog; path = Tutor.xcassets; sourceTree = "<group>"; };
		112F2F3722DDF30100075244 /* FormView.swift */ = {isa = PBXFileReference; fileEncoding = 4; lastKnownFileType = sourcecode.swift; path = FormView.swift; sourceTree = "<group>"; };
		112F2F3822DDF30100075244 /* FormRow.swift */ = {isa = PBXFileReference; fileEncoding = 4; lastKnownFileType = sourcecode.swift; path = FormRow.swift; sourceTree = "<group>"; };
		112F2F3A22DDF30100075244 /* MenuListView.swift */ = {isa = PBXFileReference; fileEncoding = 4; lastKnownFileType = sourcecode.swift; path = MenuListView.swift; sourceTree = "<group>"; };
		112F2F3B22DDF30100075244 /* MenuRow.swift */ = {isa = PBXFileReference; fileEncoding = 4; lastKnownFileType = sourcecode.swift; path = MenuRow.swift; sourceTree = "<group>"; };
		112F2F3C22DDF30100075244 /* MenuDetailView.swift */ = {isa = PBXFileReference; fileEncoding = 4; lastKnownFileType = sourcecode.swift; path = MenuDetailView.swift; sourceTree = "<group>"; };
		112F2F3E22DDF30100075244 /* LandingView.swift */ = {isa = PBXFileReference; fileEncoding = 4; lastKnownFileType = sourcecode.swift; path = LandingView.swift; sourceTree = "<group>"; };
		112F2F4022DDF30100075244 /* RepoRow.swift */ = {isa = PBXFileReference; fileEncoding = 4; lastKnownFileType = sourcecode.swift; path = RepoRow.swift; sourceTree = "<group>"; };
		112F2F4122DDF30100075244 /* SearchRepoView.swift */ = {isa = PBXFileReference; fileEncoding = 4; lastKnownFileType = sourcecode.swift; path = SearchRepoView.swift; sourceTree = "<group>"; };
		112F2F4222DDF30100075244 /* ReposStore.swift */ = {isa = PBXFileReference; fileEncoding = 4; lastKnownFileType = sourcecode.swift; path = ReposStore.swift; sourceTree = "<group>"; };
		112F2F4322DDF30100075244 /* ServiceHelper.swift */ = {isa = PBXFileReference; fileEncoding = 4; lastKnownFileType = sourcecode.swift; path = ServiceHelper.swift; sourceTree = "<group>"; };
		112F2F4422DDF30100075244 /* Repo.swift */ = {isa = PBXFileReference; fileEncoding = 4; lastKnownFileType = sourcecode.swift; path = Repo.swift; sourceTree = "<group>"; };
		112F2F4622DDF30100075244 /* TutorRowView.swift */ = {isa = PBXFileReference; fileEncoding = 4; lastKnownFileType = sourcecode.swift; path = TutorRowView.swift; sourceTree = "<group>"; };
		112F2F4722DDF30100075244 /* TutorListView.swift */ = {isa = PBXFileReference; fileEncoding = 4; lastKnownFileType = sourcecode.swift; path = TutorListView.swift; sourceTree = "<group>"; };
		112F2F4822DDF30100075244 /* TutorDetailView.swift */ = {isa = PBXFileReference; fileEncoding = 4; lastKnownFileType = sourcecode.swift; path = TutorDetailView.swift; sourceTree = "<group>"; };
		112F2F4A22DDF30100075244 /* SettingsView.swift */ = {isa = PBXFileReference; fileEncoding = 4; lastKnownFileType = sourcecode.swift; path = SettingsView.swift; sourceTree = "<group>"; };
		112F2F4B22DDF30100075244 /* SettingsStore.swift */ = {isa = PBXFileReference; fileEncoding = 4; lastKnownFileType = sourcecode.swift; path = SettingsStore.swift; sourceTree = "<group>"; };
		112F2F4D22DDF30100075244 /* p-4.jpg */ = {isa = PBXFileReference; lastKnownFileType = image.jpeg; path = "p-4.jpg"; sourceTree = "<group>"; };
		112F2F4E22DDF30100075244 /* p-1.jpg */ = {isa = PBXFileReference; lastKnownFileType = image.jpeg; path = "p-1.jpg"; sourceTree = "<group>"; };
		112F2F4F22DDF30100075244 /* p-3.jpg */ = {isa = PBXFileReference; lastKnownFileType = image.jpeg; path = "p-3.jpg"; sourceTree = "<group>"; };
		112F2F5022DDF30100075244 /* p-2.jpg */ = {isa = PBXFileReference; lastKnownFileType = image.jpeg; path = "p-2.jpg"; sourceTree = "<group>"; };
		112F2F5222DDF30100075244 /* Tutor.swift */ = {isa = PBXFileReference; fileEncoding = 4; lastKnownFileType = sourcecode.swift; path = Tutor.swift; sourceTree = "<group>"; };
		112F2F5322DDF30100075244 /* MenuItem.swift */ = {isa = PBXFileReference; fileEncoding = 4; lastKnownFileType = sourcecode.swift; path = MenuItem.swift; sourceTree = "<group>"; };
		112F2F5522DDF30100075244 /* File.rtf */ = {isa = PBXFileReference; fileEncoding = 4; lastKnownFileType = text.rtf; path = File.rtf; sourceTree = "<group>"; };
		112F2F5622DDF30100075244 /* Menu.json */ = {isa = PBXFileReference; fileEncoding = 4; lastKnownFileType = text.json; path = Menu.json; sourceTree = "<group>"; };
		112F2F7022DDF73900075244 /* LoginView.swift */ = {isa = PBXFileReference; lastKnownFileType = sourcecode.swift; path = LoginView.swift; sourceTree = "<group>"; };
		1138257522DDF2AA0014B691 /* SwiftUIDemo.app */ = {isa = PBXFileReference; explicitFileType = wrapper.application; includeInIndex = 0; path = SwiftUIDemo.app; sourceTree = BUILT_PRODUCTS_DIR; };
		1138257822DDF2AA0014B691 /* AppDelegate.swift */ = {isa = PBXFileReference; lastKnownFileType = sourcecode.swift; path = AppDelegate.swift; sourceTree = "<group>"; };
		1138257A22DDF2AA0014B691 /* SceneDelegate.swift */ = {isa = PBXFileReference; lastKnownFileType = sourcecode.swift; path = SceneDelegate.swift; sourceTree = "<group>"; };
		1138257E22DDF2AC0014B691 /* Assets.xcassets */ = {isa = PBXFileReference; lastKnownFileType = folder.assetcatalog; path = Assets.xcassets; sourceTree = "<group>"; };
		1138258122DDF2AC0014B691 /* Preview Assets.xcassets */ = {isa = PBXFileReference; lastKnownFileType = folder.assetcatalog; path = "Preview Assets.xcassets"; sourceTree = "<group>"; };
		1138258422DDF2AC0014B691 /* Base */ = {isa = PBXFileReference; lastKnownFileType = file.storyboard; name = Base; path = Base.lproj/LaunchScreen.storyboard; sourceTree = "<group>"; };
		1138258622DDF2AC0014B691 /* Info.plist */ = {isa = PBXFileReference; lastKnownFileType = text.plist.xml; path = Info.plist; sourceTree = "<group>"; };
		1138258B22DDF2AC0014B691 /* SwiftUIDemoTests.xctest */ = {isa = PBXFileReference; explicitFileType = wrapper.cfbundle; includeInIndex = 0; path = SwiftUIDemoTests.xctest; sourceTree = BUILT_PRODUCTS_DIR; };
		1138258F22DDF2AC0014B691 /* SwiftUIDemoTests.swift */ = {isa = PBXFileReference; lastKnownFileType = sourcecode.swift; path = SwiftUIDemoTests.swift; sourceTree = "<group>"; };
		1138259122DDF2AC0014B691 /* Info.plist */ = {isa = PBXFileReference; lastKnownFileType = text.plist.xml; path = Info.plist; sourceTree = "<group>"; };
		11EA161F22DE044B00C799D2 /* FoodList.swift */ = {isa = PBXFileReference; lastKnownFileType = sourcecode.swift; path = FoodList.swift; sourceTree = "<group>"; };
		11FCDCF422DEE9230013FDB9 /* Food.swift */ = {isa = PBXFileReference; lastKnownFileType = sourcecode.swift; path = Food.swift; sourceTree = "<group>"; };
		11FCDCF622DEE9C40013FDB9 /* FoodDetailRow.swift */ = {isa = PBXFileReference; lastKnownFileType = sourcecode.swift; path = FoodDetailRow.swift; sourceTree = "<group>"; };
		11FCDCF822DEEAAD0013FDB9 /* FoodDetailView.swift */ = {isa = PBXFileReference; lastKnownFileType = sourcecode.swift; path = FoodDetailView.swift; sourceTree = "<group>"; };
		11FCDCFA22DEEB040013FDB9 /* FoodHelper.swift */ = {isa = PBXFileReference; lastKnownFileType = sourcecode.swift; path = FoodHelper.swift; sourceTree = "<group>"; };
/* End PBXFileReference section */

/* Begin PBXFrameworksBuildPhase section */
		1138257222DDF2AA0014B691 /* Frameworks */ = {
			isa = PBXFrameworksBuildPhase;
			buildActionMask = 2147483647;
			files = (
			);
			runOnlyForDeploymentPostprocessing = 0;
		};
		1138258822DDF2AC0014B691 /* Frameworks */ = {
			isa = PBXFrameworksBuildPhase;
			buildActionMask = 2147483647;
			files = (
			);
			runOnlyForDeploymentPostprocessing = 0;
		};
/* End PBXFrameworksBuildPhase section */

/* Begin PBXGroup section */
		112F2F3522DDF30100075244 /* Views */ = {
			isa = PBXGroup;
			children = (
				11EA161E22DE043500C799D2 /* List2Demo */,
				112F2F6F22DDF71300075244 /* LoginDemo */,
				112F2F3622DDF30100075244 /* FormExample */,
				112F2F3922DDF30100075244 /* SimpleMenuList */,
				112F2F3D22DDF30100075244 /* Others */,
				112F2F3F22DDF30100075244 /* SearchRepo */,
				112F2F4522DDF30100075244 /* TutorListExample */,
				112F2F4922DDF30100075244 /* SettingScreen */,
			);
			path = Views;
			sourceTree = "<group>";
		};
		112F2F3622DDF30100075244 /* FormExample */ = {
			isa = PBXGroup;
			children = (
				112F2F3722DDF30100075244 /* FormView.swift */,
				112F2F3822DDF30100075244 /* FormRow.swift */,
			);
			path = FormExample;
			sourceTree = "<group>";
		};
		112F2F3922DDF30100075244 /* SimpleMenuList */ = {
			isa = PBXGroup;
			children = (
				112F2F5322DDF30100075244 /* MenuItem.swift */,
				112F2F3A22DDF30100075244 /* MenuListView.swift */,
				112F2F3B22DDF30100075244 /* MenuRow.swift */,
				112F2F3C22DDF30100075244 /* MenuDetailView.swift */,
			);
			path = SimpleMenuList;
			sourceTree = "<group>";
		};
		112F2F3D22DDF30100075244 /* Others */ = {
			isa = PBXGroup;
			children = (
				112F2F3E22DDF30100075244 /* LandingView.swift */,
			);
			path = Others;
			sourceTree = "<group>";
		};
		112F2F3F22DDF30100075244 /* SearchRepo */ = {
			isa = PBXGroup;
			children = (
				112F2F4022DDF30100075244 /* RepoRow.swift */,
				112F2F4122DDF30100075244 /* SearchRepoView.swift */,
				112F2F4222DDF30100075244 /* ReposStore.swift */,
				112F2F4322DDF30100075244 /* ServiceHelper.swift */,
				112F2F4422DDF30100075244 /* Repo.swift */,
			);
			path = SearchRepo;
			sourceTree = "<group>";
		};
		112F2F4522DDF30100075244 /* TutorListExample */ = {
			isa = PBXGroup;
			children = (
				112F2F5222DDF30100075244 /* Tutor.swift */,
				112F2F4622DDF30100075244 /* TutorRowView.swift */,
				112F2F4722DDF30100075244 /* TutorListView.swift */,
				112F2F4822DDF30100075244 /* TutorDetailView.swift */,
			);
			path = TutorListExample;
			sourceTree = "<group>";
		};
		112F2F4922DDF30100075244 /* SettingScreen */ = {
			isa = PBXGroup;
			children = (
				112F2F4A22DDF30100075244 /* SettingsView.swift */,
				112F2F4B22DDF30100075244 /* SettingsStore.swift */,
			);
			path = SettingScreen;
			sourceTree = "<group>";
		};
		112F2F4C22DDF30100075244 /* Artwork */ = {
			isa = PBXGroup;
			children = (
				112F2F4D22DDF30100075244 /* p-4.jpg */,
				112F2F4E22DDF30100075244 /* p-1.jpg */,
				112F2F4F22DDF30100075244 /* p-3.jpg */,
				112F2F5022DDF30100075244 /* p-2.jpg */,
			);
			path = Artwork;
			sourceTree = "<group>";
		};
		112F2F5422DDF30100075244 /* Jsons */ = {
			isa = PBXGroup;
			children = (
				112F2F5522DDF30100075244 /* File.rtf */,
				112F2F5622DDF30100075244 /* Menu.json */,
			);
			path = Jsons;
			sourceTree = "<group>";
		};
		112F2F6F22DDF71300075244 /* LoginDemo */ = {
			isa = PBXGroup;
			children = (
				112F2F7022DDF73900075244 /* LoginView.swift */,
			);
			path = LoginDemo;
			sourceTree = "<group>";
		};
		1138256C22DDF2AA0014B691 = {
			isa = PBXGroup;
			children = (
				1138257722DDF2AA0014B691 /* SwiftUIDemo */,
				1138258E22DDF2AC0014B691 /* SwiftUIDemoTests */,
				1138257622DDF2AA0014B691 /* Products */,
			);
			sourceTree = "<group>";
		};
		1138257622DDF2AA0014B691 /* Products */ = {
			isa = PBXGroup;
			children = (
				1138257522DDF2AA0014B691 /* SwiftUIDemo.app */,
				1138258B22DDF2AC0014B691 /* SwiftUIDemoTests.xctest */,
			);
			name = Products;
			sourceTree = "<group>";
		};
		1138257722DDF2AA0014B691 /* SwiftUIDemo */ = {
			isa = PBXGroup;
			children = (
				112F2F4C22DDF30100075244 /* Artwork */,
				112F2F5422DDF30100075244 /* Jsons */,
				112F2F3522DDF30100075244 /* Views */,
				1138257822DDF2AA0014B691 /* AppDelegate.swift */,
				1138257A22DDF2AA0014B691 /* SceneDelegate.swift */,
				1138257E22DDF2AC0014B691 /* Assets.xcassets */,
				112F2F3322DDF2F000075244 /* Tutor.xcassets */,
				1138258322DDF2AC0014B691 /* LaunchScreen.storyboard */,
				1138258622DDF2AC0014B691 /* Info.plist */,
				1138258022DDF2AC0014B691 /* Preview Content */,
			);
			path = SwiftUIDemo;
			sourceTree = "<group>";
		};
		1138258022DDF2AC0014B691 /* Preview Content */ = {
			isa = PBXGroup;
			children = (
				1138258122DDF2AC0014B691 /* Preview Assets.xcassets */,
			);
			path = "Preview Content";
			sourceTree = "<group>";
		};
		1138258E22DDF2AC0014B691 /* SwiftUIDemoTests */ = {
			isa = PBXGroup;
			children = (
				1138258F22DDF2AC0014B691 /* SwiftUIDemoTests.swift */,
				1138259122DDF2AC0014B691 /* Info.plist */,
			);
			path = SwiftUIDemoTests;
			sourceTree = "<group>";
		};
		11EA161E22DE043500C799D2 /* List2Demo */ = {
			isa = PBXGroup;
			children = (
				11EA161F22DE044B00C799D2 /* FoodList.swift */,
				11FCDCF422DEE9230013FDB9 /* Food.swift */,
				11FCDCF622DEE9C40013FDB9 /* FoodDetailRow.swift */,
				11FCDCF822DEEAAD0013FDB9 /* FoodDetailView.swift */,
				11FCDCFA22DEEB040013FDB9 /* FoodHelper.swift */,
			);
			path = List2Demo;
			sourceTree = "<group>";
		};
/* End PBXGroup section */

/* Begin PBXNativeTarget section */
		1138257422DDF2AA0014B691 /* SwiftUIDemo */ = {
			isa = PBXNativeTarget;
			buildConfigurationList = 1138259422DDF2AC0014B691 /* Build configuration list for PBXNativeTarget "SwiftUIDemo" */;
			buildPhases = (
				1138257122DDF2AA0014B691 /* Sources */,
				1138257222DDF2AA0014B691 /* Frameworks */,
				1138257322DDF2AA0014B691 /* Resources */,
			);
			buildRules = (
			);
			dependencies = (
			);
			name = SwiftUIDemo;
			productName = SwiftUIDemo;
			productReference = 1138257522DDF2AA0014B691 /* SwiftUIDemo.app */;
			productType = "com.apple.product-type.application";
		};
		1138258A22DDF2AC0014B691 /* SwiftUIDemoTests */ = {
			isa = PBXNativeTarget;
			buildConfigurationList = 1138259722DDF2AC0014B691 /* Build configuration list for PBXNativeTarget "SwiftUIDemoTests" */;
			buildPhases = (
				1138258722DDF2AC0014B691 /* Sources */,
				1138258822DDF2AC0014B691 /* Frameworks */,
				1138258922DDF2AC0014B691 /* Resources */,
			);
			buildRules = (
			);
			dependencies = (
				1138258D22DDF2AC0014B691 /* PBXTargetDependency */,
			);
			name = SwiftUIDemoTests;
			productName = SwiftUIDemoTests;
			productReference = 1138258B22DDF2AC0014B691 /* SwiftUIDemoTests.xctest */;
			productType = "com.apple.product-type.bundle.unit-test";
		};
/* End PBXNativeTarget section */

/* Begin PBXProject section */
		1138256D22DDF2AA0014B691 /* Project object */ = {
			isa = PBXProject;
			attributes = {
				LastSwiftUpdateCheck = 1100;
				LastUpgradeCheck = 1100;
				ORGANIZATIONNAME = raj.sharma;
				TargetAttributes = {
					1138257422DDF2AA0014B691 = {
						CreatedOnToolsVersion = 11.0;
					};
					1138258A22DDF2AC0014B691 = {
						CreatedOnToolsVersion = 11.0;
						TestTargetID = 1138257422DDF2AA0014B691;
					};
				};
			};
			buildConfigurationList = 1138257022DDF2AA0014B691 /* Build configuration list for PBXProject "SwiftUIDemo" */;
			compatibilityVersion = "Xcode 9.3";
			developmentRegion = en;
			hasScannedForEncodings = 0;
			knownRegions = (
				en,
				Base,
			);
			mainGroup = 1138256C22DDF2AA0014B691;
			productRefGroup = 1138257622DDF2AA0014B691 /* Products */;
			projectDirPath = "";
			projectRoot = "";
			targets = (
				1138257422DDF2AA0014B691 /* SwiftUIDemo */,
				1138258A22DDF2AC0014B691 /* SwiftUIDemoTests */,
			);
		};
/* End PBXProject section */

/* Begin PBXResourcesBuildPhase section */
		1138257322DDF2AA0014B691 /* Resources */ = {
			isa = PBXResourcesBuildPhase;
			buildActionMask = 2147483647;
			files = (
				112F2F6822DDF30100075244 /* p-1.jpg in Resources */,
				112F2F3422DDF2F000075244 /* Tutor.xcassets in Resources */,
				112F2F6E22DDF30100075244 /* Menu.json in Resources */,
				112F2F6722DDF30100075244 /* p-4.jpg in Resources */,
				1138258522DDF2AC0014B691 /* LaunchScreen.storyboard in Resources */,
				1138258222DDF2AC0014B691 /* Preview Assets.xcassets in Resources */,
				112F2F6A22DDF30100075244 /* p-2.jpg in Resources */,
				112F2F6922DDF30100075244 /* p-3.jpg in Resources */,
				1138257F22DDF2AC0014B691 /* Assets.xcassets in Resources */,
				112F2F6D22DDF30100075244 /* File.rtf in Resources */,
			);
			runOnlyForDeploymentPostprocessing = 0;
		};
		1138258922DDF2AC0014B691 /* Resources */ = {
			isa = PBXResourcesBuildPhase;
			buildActionMask = 2147483647;
			files = (
			);
			runOnlyForDeploymentPostprocessing = 0;
		};
/* End PBXResourcesBuildPhase section */

/* Begin PBXSourcesBuildPhase section */
		1138257122DDF2AA0014B691 /* Sources */ = {
			isa = PBXSourcesBuildPhase;
			buildActionMask = 2147483647;
			files = (
				112F2F6C22DDF30100075244 /* MenuItem.swift in Sources */,
				112F2F6B22DDF30100075244 /* Tutor.swift in Sources */,
				112F2F5D22DDF30100075244 /* RepoRow.swift in Sources */,
				112F2F5C22DDF30100075244 /* LandingView.swift in Sources */,
				11FCDCF922DEEAAD0013FDB9 /* FoodDetailView.swift in Sources */,
				11FCDCFB22DEEB040013FDB9 /* FoodHelper.swift in Sources */,
				112F2F6222DDF30100075244 /* TutorRowView.swift in Sources */,
				112F2F6522DDF30100075244 /* SettingsView.swift in Sources */,
				112F2F6322DDF30100075244 /* TutorListView.swift in Sources */,
				112F2F5722DDF30100075244 /* FormView.swift in Sources */,
				112F2F5A22DDF30100075244 /* MenuRow.swift in Sources */,
				112F2F6422DDF30100075244 /* TutorDetailView.swift in Sources */,
				112F2F5E22DDF30100075244 /* SearchRepoView.swift in Sources */,
				112F2F5B22DDF30100075244 /* MenuDetailView.swift in Sources */,
				112F2F6022DDF30100075244 /* ServiceHelper.swift in Sources */,
				112F2F6622DDF30100075244 /* SettingsStore.swift in Sources */,
				112F2F6122DDF30100075244 /* Repo.swift in Sources */,
				112F2F7122DDF73900075244 /* LoginView.swift in Sources */,
				1138257922DDF2AA0014B691 /* AppDelegate.swift in Sources */,
				11FCDCF722DEE9C40013FDB9 /* FoodDetailRow.swift in Sources */,
				11EA162022DE044B00C799D2 /* FoodList.swift in Sources */,
				1138257B22DDF2AA0014B691 /* SceneDelegate.swift in Sources */,
				11FCDCF522DEE9230013FDB9 /* Food.swift in Sources */,
				112F2F5922DDF30100075244 /* MenuListView.swift in Sources */,
				112F2F5F22DDF30100075244 /* ReposStore.swift in Sources */,
				112F2F5822DDF30100075244 /* FormRow.swift in Sources */,
			);
			runOnlyForDeploymentPostprocessing = 0;
		};
		1138258722DDF2AC0014B691 /* Sources */ = {
			isa = PBXSourcesBuildPhase;
			buildActionMask = 2147483647;
			files = (
				1138259022DDF2AC0014B691 /* SwiftUIDemoTests.swift in Sources */,
			);
			runOnlyForDeploymentPostprocessing = 0;
		};
/* End PBXSourcesBuildPhase section */

/* Begin PBXTargetDependency section */
		1138258D22DDF2AC0014B691 /* PBXTargetDependency */ = {
			isa = PBXTargetDependency;
			target = 1138257422DDF2AA0014B691 /* SwiftUIDemo */;
			targetProxy = 1138258C22DDF2AC0014B691 /* PBXContainerItemProxy */;
		};
/* End PBXTargetDependency section */

/* Begin PBXVariantGroup section */
		1138258322DDF2AC0014B691 /* LaunchScreen.storyboard */ = {
			isa = PBXVariantGroup;
			children = (
				1138258422DDF2AC0014B691 /* Base */,
			);
			name = LaunchScreen.storyboard;
			sourceTree = "<group>";
		};
/* End PBXVariantGroup section */

/* Begin XCBuildConfiguration section */
		1138259222DDF2AC0014B691 /* Debug */ = {
			isa = XCBuildConfiguration;
			buildSettings = {
				ALWAYS_SEARCH_USER_PATHS = NO;
				CLANG_ANALYZER_NONNULL = YES;
				CLANG_ANALYZER_NUMBER_OBJECT_CONVERSION = YES_AGGRESSIVE;
				CLANG_CXX_LANGUAGE_STANDARD = "gnu++14";
				CLANG_CXX_LIBRARY = "libc++";
				CLANG_ENABLE_MODULES = YES;
				CLANG_ENABLE_OBJC_ARC = YES;
				CLANG_ENABLE_OBJC_WEAK = YES;
				CLANG_WARN_BLOCK_CAPTURE_AUTORELEASING = YES;
				CLANG_WARN_BOOL_CONVERSION = YES;
				CLANG_WARN_COMMA = YES;
				CLANG_WARN_CONSTANT_CONVERSION = YES;
				CLANG_WARN_DEPRECATED_OBJC_IMPLEMENTATIONS = YES;
				CLANG_WARN_DIRECT_OBJC_ISA_USAGE = YES_ERROR;
				CLANG_WARN_DOCUMENTATION_COMMENTS = YES;
				CLANG_WARN_EMPTY_BODY = YES;
				CLANG_WARN_ENUM_CONVERSION = YES;
				CLANG_WARN_INFINITE_RECURSION = YES;
				CLANG_WARN_INT_CONVERSION = YES;
				CLANG_WARN_NON_LITERAL_NULL_CONVERSION = YES;
				CLANG_WARN_OBJC_IMPLICIT_RETAIN_SELF = YES;
				CLANG_WARN_OBJC_LITERAL_CONVERSION = YES;
				CLANG_WARN_OBJC_ROOT_CLASS = YES_ERROR;
				CLANG_WARN_RANGE_LOOP_ANALYSIS = YES;
				CLANG_WARN_STRICT_PROTOTYPES = YES;
				CLANG_WARN_SUSPICIOUS_MOVE = YES;
				CLANG_WARN_UNGUARDED_AVAILABILITY = YES_AGGRESSIVE;
				CLANG_WARN_UNREACHABLE_CODE = YES;
				CLANG_WARN__DUPLICATE_METHOD_MATCH = YES;
				COPY_PHASE_STRIP = NO;
				DEBUG_INFORMATION_FORMAT = dwarf;
				ENABLE_STRICT_OBJC_MSGSEND = YES;
				ENABLE_TESTABILITY = YES;
				GCC_C_LANGUAGE_STANDARD = gnu11;
				GCC_DYNAMIC_NO_PIC = NO;
				GCC_NO_COMMON_BLOCKS = YES;
				GCC_OPTIMIZATION_LEVEL = 0;
				GCC_PREPROCESSOR_DEFINITIONS = (
					"DEBUG=1",
					"$(inherited)",
				);
				GCC_WARN_64_TO_32_BIT_CONVERSION = YES;
				GCC_WARN_ABOUT_RETURN_TYPE = YES_ERROR;
				GCC_WARN_UNDECLARED_SELECTOR = YES;
				GCC_WARN_UNINITIALIZED_AUTOS = YES_AGGRESSIVE;
				GCC_WARN_UNUSED_FUNCTION = YES;
				GCC_WARN_UNUSED_VARIABLE = YES;
				IPHONEOS_DEPLOYMENT_TARGET = 13.0;
				MTL_ENABLE_DEBUG_INFO = INCLUDE_SOURCE;
				MTL_FAST_MATH = YES;
				ONLY_ACTIVE_ARCH = YES;
				SDKROOT = iphoneos;
				SWIFT_ACTIVE_COMPILATION_CONDITIONS = DEBUG;
				SWIFT_OPTIMIZATION_LEVEL = "-Onone";
			};
			name = Debug;
		};
		1138259322DDF2AC0014B691 /* Release */ = {
			isa = XCBuildConfiguration;
			buildSettings = {
				ALWAYS_SEARCH_USER_PATHS = NO;
				CLANG_ANALYZER_NONNULL = YES;
				CLANG_ANALYZER_NUMBER_OBJECT_CONVERSION = YES_AGGRESSIVE;
				CLANG_CXX_LANGUAGE_STANDARD = "gnu++14";
				CLANG_CXX_LIBRARY = "libc++";
				CLANG_ENABLE_MODULES = YES;
				CLANG_ENABLE_OBJC_ARC = YES;
				CLANG_ENABLE_OBJC_WEAK = YES;
				CLANG_WARN_BLOCK_CAPTURE_AUTORELEASING = YES;
				CLANG_WARN_BOOL_CONVERSION = YES;
				CLANG_WARN_COMMA = YES;
				CLANG_WARN_CONSTANT_CONVERSION = YES;
				CLANG_WARN_DEPRECATED_OBJC_IMPLEMENTATIONS = YES;
				CLANG_WARN_DIRECT_OBJC_ISA_USAGE = YES_ERROR;
				CLANG_WARN_DOCUMENTATION_COMMENTS = YES;
				CLANG_WARN_EMPTY_BODY = YES;
				CLANG_WARN_ENUM_CONVERSION = YES;
				CLANG_WARN_INFINITE_RECURSION = YES;
				CLANG_WARN_INT_CONVERSION = YES;
				CLANG_WARN_NON_LITERAL_NULL_CONVERSION = YES;
				CLANG_WARN_OBJC_IMPLICIT_RETAIN_SELF = YES;
				CLANG_WARN_OBJC_LITERAL_CONVERSION = YES;
				CLANG_WARN_OBJC_ROOT_CLASS = YES_ERROR;
				CLANG_WARN_RANGE_LOOP_ANALYSIS = YES;
				CLANG_WARN_STRICT_PROTOTYPES = YES;
				CLANG_WARN_SUSPICIOUS_MOVE = YES;
				CLANG_WARN_UNGUARDED_AVAILABILITY = YES_AGGRESSIVE;
				CLANG_WARN_UNREACHABLE_CODE = YES;
				CLANG_WARN__DUPLICATE_METHOD_MATCH = YES;
				COPY_PHASE_STRIP = NO;
				DEBUG_INFORMATION_FORMAT = "dwarf-with-dsym";
				ENABLE_NS_ASSERTIONS = NO;
				ENABLE_STRICT_OBJC_MSGSEND = YES;
				GCC_C_LANGUAGE_STANDARD = gnu11;
				GCC_NO_COMMON_BLOCKS = YES;
				GCC_WARN_64_TO_32_BIT_CONVERSION = YES;
				GCC_WARN_ABOUT_RETURN_TYPE = YES_ERROR;
				GCC_WARN_UNDECLARED_SELECTOR = YES;
				GCC_WARN_UNINITIALIZED_AUTOS = YES_AGGRESSIVE;
				GCC_WARN_UNUSED_FUNCTION = YES;
				GCC_WARN_UNUSED_VARIABLE = YES;
				IPHONEOS_DEPLOYMENT_TARGET = 13.0;
				MTL_ENABLE_DEBUG_INFO = NO;
				MTL_FAST_MATH = YES;
				SDKROOT = iphoneos;
				SWIFT_COMPILATION_MODE = wholemodule;
				SWIFT_OPTIMIZATION_LEVEL = "-O";
				VALIDATE_PRODUCT = YES;
			};
			name = Release;
		};
		1138259522DDF2AC0014B691 /* Debug */ = {
			isa = XCBuildConfiguration;
			buildSettings = {
				ASSETCATALOG_COMPILER_APPICON_NAME = AppIcon;
				CODE_SIGN_STYLE = Automatic;
				DEVELOPMENT_ASSET_PATHS = "SwiftUIDemo/Preview\\ Content";
				ENABLE_PREVIEWS = YES;
				INFOPLIST_FILE = SwiftUIDemo/Info.plist;
				LD_RUNPATH_SEARCH_PATHS = (
					"$(inherited)",
					"@executable_path/Frameworks",
				);
				PRODUCT_BUNDLE_IDENTIFIER = rheyansh.SwiftUIDemo;
				PRODUCT_NAME = "$(TARGET_NAME)";
				SWIFT_VERSION = 5.0;
				TARGETED_DEVICE_FAMILY = "1,2";
			};
			name = Debug;
		};
		1138259622DDF2AC0014B691 /* Release */ = {
			isa = XCBuildConfiguration;
			buildSettings = {
				ASSETCATALOG_COMPILER_APPICON_NAME = AppIcon;
				CODE_SIGN_STYLE = Automatic;
				DEVELOPMENT_ASSET_PATHS = "SwiftUIDemo/Preview\\ Content";
				ENABLE_PREVIEWS = YES;
				INFOPLIST_FILE = SwiftUIDemo/Info.plist;
				LD_RUNPATH_SEARCH_PATHS = (
					"$(inherited)",
					"@executable_path/Frameworks",
				);
				PRODUCT_BUNDLE_IDENTIFIER = rheyansh.SwiftUIDemo;
				PRODUCT_NAME = "$(TARGET_NAME)";
				SWIFT_VERSION = 5.0;
				TARGETED_DEVICE_FAMILY = "1,2";
			};
			name = Release;
		};
		1138259822DDF2AC0014B691 /* Debug */ = {
			isa = XCBuildConfiguration;
			buildSettings = {
				ALWAYS_EMBED_SWIFT_STANDARD_LIBRARIES = YES;
				BUNDLE_LOADER = "$(TEST_HOST)";
				CODE_SIGN_STYLE = Automatic;
				INFOPLIST_FILE = SwiftUIDemoTests/Info.plist;
				LD_RUNPATH_SEARCH_PATHS = (
					"$(inherited)",
					"@executable_path/Frameworks",
					"@loader_path/Frameworks",
				);
				PRODUCT_BUNDLE_IDENTIFIER = rheyansh.SwiftUIDemoTests;
				PRODUCT_NAME = "$(TARGET_NAME)";
				SWIFT_VERSION = 5.0;
				TARGETED_DEVICE_FAMILY = "1,2";
				TEST_HOST = "$(BUILT_PRODUCTS_DIR)/SwiftUIDemo.app/SwiftUIDemo";
			};
			name = Debug;
		};
		1138259922DDF2AC0014B691 /* Release */ = {
			isa = XCBuildConfiguration;
			buildSettings = {
				ALWAYS_EMBED_SWIFT_STANDARD_LIBRARIES = YES;
				BUNDLE_LOADER = "$(TEST_HOST)";
				CODE_SIGN_STYLE = Automatic;
				INFOPLIST_FILE = SwiftUIDemoTests/Info.plist;
				LD_RUNPATH_SEARCH_PATHS = (
					"$(inherited)",
					"@executable_path/Frameworks",
					"@loader_path/Frameworks",
				);
				PRODUCT_BUNDLE_IDENTIFIER = rheyansh.SwiftUIDemoTests;
				PRODUCT_NAME = "$(TARGET_NAME)";
				SWIFT_VERSION = 5.0;
				TARGETED_DEVICE_FAMILY = "1,2";
				TEST_HOST = "$(BUILT_PRODUCTS_DIR)/SwiftUIDemo.app/SwiftUIDemo";
			};
			name = Release;
		};
/* End XCBuildConfiguration section */

/* Begin XCConfigurationList section */
		1138257022DDF2AA0014B691 /* Build configuration list for PBXProject "SwiftUIDemo" */ = {
			isa = XCConfigurationList;
			buildConfigurations = (
				1138259222DDF2AC0014B691 /* Debug */,
				1138259322DDF2AC0014B691 /* Release */,
			);
			defaultConfigurationIsVisible = 0;
			defaultConfigurationName = Release;
		};
		1138259422DDF2AC0014B691 /* Build configuration list for PBXNativeTarget "SwiftUIDemo" */ = {
			isa = XCConfigurationList;
			buildConfigurations = (
				1138259522DDF2AC0014B691 /* Debug */,
				1138259622DDF2AC0014B691 /* Release */,
			);
			defaultConfigurationIsVisible = 0;
			defaultConfigurationName = Release;
		};
		1138259722DDF2AC0014B691 /* Build configuration list for PBXNativeTarget "SwiftUIDemoTests" */ = {
			isa = XCConfigurationList;
			buildConfigurations = (
				1138259822DDF2AC0014B691 /* Debug */,
				1138259922DDF2AC0014B691 /* Release */,
			);
			defaultConfigurationIsVisible = 0;
			defaultConfigurationName = Release;
		};
/* End XCConfigurationList section */
	};
	rootObject = 1138256D22DDF2AA0014B691 /* Project object */;
}
