// !$*UTF8*$!
{
	archiveVersion = 1;
	classes = {
	};
	objectVersion = 50;
	objects = {

/* Begin PBXBuildFile section */
		112F2F3422DDF2F000075244 /* Tutor.xcassets in Resources */ = {isa = PBXBuildFile; fileRef = 112F2F3322DDF2F000075244 /* Tutor.xcassets */; };
		112F2F5722DDF30100075244 /* FormView.swift in Sources */ = {isa = PBXBuildFile; fileRef = 112F2F3722DDF30100075244 /* FormView.swift */; };
		112F2F5822DDF30100075244 /* FormRow.swift in Sources */ = {isa = PBXBuildFile; fileRef = 112F2F3822DDF30100075244 /* FormRow.swift */; };
		112F2F5922DDF30100075244 /* MenuListView.swift in Sources */ = {isa = PBXBuildFile; fileRef = 112F2F3A22DDF30100075244 /* MenuListView.swift */; };
		112F2F5A22DDF30100075244 /* MenuRow.swift in Sources */ = {isa = PBXBuildFile; fileRef = 112F2F3B22DDF30100075244 /* MenuRow.swift */; };
		112F2F5B22DDF30100075244 /* MenuDetailView.swift in Sources */ = {isa = PBXBuildFile; fileRef = 112F2F3C22DDF30100075244 /* MenuDetailView.swift */; };
		112F2F5C22DDF30100075244 /* LandingView.swift in Sources */ = {isa = PBXBuildFile; fileRef = 112F2F3E22DDF30100075244 /* LandingView.swift */; };
		112F2F5D22DDF30100075244 /* RepoRow.swift in Sources */ = {isa = PBXBuildFile; fileRef = 112F2F4022DDF30100075244 /* RepoRow.swift */; };
		112F2F5E22DDF30100075244 /* SearchRepoView.swift in Sources */ = {isa = PBXBuildFile; fileRef = 112F2F4122DDF30100075244 /* SearchRepoView.swift */; };
		112F2F5F22DDF30100075244 /* ReposStore.swift in Sources */ = {isa = PBXBuildFile; fileRef = 112F2F4222DDF30100075244 /* ReposStore.swift */; };
		112F2F6022DDF30100075244 /* ServiceHelper.swift in Sources */ = {isa = PBXBuildFile; fileRef = 112F2F4322DDF30100075244 /* ServiceHelper.swift */; };
		112F2F6122DDF30100075244 /* Repo.swift in Sources */ = {isa = PBXBuildFile; fileRef = 112F2F4422DDF30100075244 /* Repo.swift */; };
		112F2F6222DDF30100075244 /* TutorRowView.swift in Sources */ = {isa = PBXBuildFile; fileRef = 112F2F4622DDF30100075244 /* TutorRowView.swift */; };
		112F2F6322DDF30100075244 /* TutorListView.swift in Sources */ = {isa = PBXBuildFile; fileRef = 112F2F4722DDF30100075244 /* TutorListView.swift */; };
		112F2F6422DDF30100075244 /* TutorDetailView.swift in Sources */ = {isa = PBXBuildFile; fileRef = 112F2F4822DDF30100075244 /* TutorDetailView.swift */; };
		112F2F6522DDF30100075244 /* SettingsView.swift in Sources */ = {isa = PBXBuildFile; fileRef = 112F2F4A22DDF30100075244 /* SettingsView.swift */; };
		112F2F6622DDF30100075244 /* SettingsStore.swift in Sources */ = {isa = PBXBuildFile; fileRef = 112F2F4B22DDF30100075244 /* SettingsStore.swift */; };
		112F2F6722DDF30100075244 /* p-4.jpg in Resources */ = {isa = PBXBuildFile; fileRef = 112F2F4D22DDF30100075244 /* p-4.jpg */; };
		112F2F6822DDF30100075244 /* p-1.jpg in Resources */ = {isa = PBXBuildFile; fileRef = 112F2F4E22DDF30100075244 /* p-1.jpg */; };
		112F2F6922DDF30100075244 /* p-3.jpg in Resources */ = {isa = PBXBuildFile; fileRef = 112F2F4F22DDF30100075244 /* p-3.jpg */; };
		112F2F6A22DDF30100075244 /* p-2.jpg in Resources */ = {isa = PBXBuildFile; fileRef = 112F2F5022DDF30100075244 /* p-2.jpg */; };
		112F2F6B22DDF30100075244 /* Tutor.swift in Sources */ = {isa = PBXBuildFile; fileRef = 112F2F5222DDF30100075244 /* Tutor.swift */; };
		112F2F6C22DDF30100075244 /* MenuItem.swift in Sources */ = {isa = PBXBuildFile; fileRef = 112F2F5322DDF30100075244 /* MenuItem.swift */; };
		112F2F6D22DDF30100075244 /* File.rtf in Resources */ = {isa = PBXBuildFile; fileRef = 112F2F5522DDF30100075244 /* File.rtf */; };
		112F2F6E22DDF30100075244 /* Menu.json in Resources */ = {isa = PBXBuildFile; fileRef = 112F2F5622DDF30100075244 /* Menu.json */; };
		112F2F7122DDF73900075244 /* LoginView.swift in Sources */ = {isa = PBXBuildFile; fileRef = 112F2F7022DDF73900075244 /* LoginView.swift */; };
		11333F3A22E046BF00ABBCFE /* NetworkManager.swift in Sources */ = {isa = PBXBuildFile; fileRef = 11333F3922E046BF00ABBCFE /* NetworkManager.swift */; };
		11333F3C22E046D400ABBCFE /* ImagelistView.swift in Sources */ = {isa = PBXBuildFile; fileRef = 11333F3B22E046D400ABBCFE /* ImagelistView.swift */; };
		11333F3E22E046E800ABBCFE /* Course.swift in Sources */ = {isa = PBXBuildFile; fileRef = 11333F3D22E046E800ABBCFE /* Course.swift */; };
		11333F4022E04B4D00ABBCFE /* CourseRow.swift in Sources */ = {isa = PBXBuildFile; fileRef = 11333F3F22E04B4D00ABBCFE /* CourseRow.swift */; };
		11333F4222E0514F00ABBCFE /* ImageViewWidget.swift in Sources */ = {isa = PBXBuildFile; fileRef = 11333F4122E0514F00ABBCFE /* ImageViewWidget.swift */; };
		11333F4422E0519900ABBCFE /* ImageLoader.swift in Sources */ = {isa = PBXBuildFile; fileRef = 11333F4322E0519900ABBCFE /* ImageLoader.swift */; };
		1138257922DDF2AA0014B691 /* AppDelegate.swift in Sources */ = {isa = PBXBuildFile; fileRef = 1138257822DDF2AA0014B691 /* AppDelegate.swift */; };
		1138257B22DDF2AA0014B691 /* SceneDelegate.swift in Sources */ = {isa = PBXBuildFile; fileRef = 1138257A22DDF2AA0014B691 /* SceneDelegate.swift */; };
		1138257F22DDF2AC0014B691 /* Assets.xcassets in Resources */ = {isa = PBXBuildFile; fileRef = 1138257E22DDF2AC0014B691 /* Assets.xcassets */; };
		1138258222DDF2AC0014B691 /* Preview Assets.xcassets in Resources */ = {isa = PBXBuildFile; fileRef = 1138258122DDF2AC0014B691 /* Preview Assets.xcassets */; };
		1138258522DDF2AC0014B691 /* LaunchScreen.storyboard in Resources */ = {isa = PBXBuildFile; fileRef = 1138258322DDF2AC0014B691 /* LaunchScreen.storyboard */; };
		1138259022DDF2AC0014B691 /* SwiftUIDemoTests.swift in Sources */ = {isa = PBXBuildFile; fileRef = 1138258F22DDF2AC0014B691 /* SwiftUIDemoTests.swift */; };
		115C17CB22DF39FF00262980 /* Book.swift in Sources */ = {isa = PBXBuildFile; fileRef = 115C17CA22DF39FF00262980 /* Book.swift */; };
		115C17CD22DF3A3A00262980 /* BookDisplayData.swift in Sources */ = {isa = PBXBuildFile; fileRef = 115C17CC22DF3A3A00262980 /* BookDisplayData.swift */; };
		115C17D022DF3A7C00262980 /* BookAPIService.swift in Sources */ = {isa = PBXBuildFile; fileRef = 115C17CF22DF3A7C00262980 /* BookAPIService.swift */; };
		115C17D222DF3A9A00262980 /* FoundationExtensions.swift in Sources */ = {isa = PBXBuildFile; fileRef = 115C17D122DF3A9A00262980 /* FoundationExtensions.swift */; };
		115C17D522DF3ABD00262980 /* BookDetail.swift in Sources */ = {isa = PBXBuildFile; fileRef = 115C17D422DF3ABD00262980 /* BookDetail.swift */; };
		115C17D722DF3AD700262980 /* SearchBookView.swift in Sources */ = {isa = PBXBuildFile; fileRef = 115C17D622DF3AD700262980 /* SearchBookView.swift */; };
		115C17DA22DF3AFB00262980 /* SearchBookViewModel.swift in Sources */ = {isa = PBXBuildFile; fileRef = 115C17D922DF3AFB00262980 /* SearchBookViewModel.swift */; };
		115C17DC22DF3B1500262980 /* SearchBookBar.swift in Sources */ = {isa = PBXBuildFile; fileRef = 115C17DB22DF3B1500262980 /* SearchBookBar.swift */; };
		115C17DE22DF3B2800262980 /* SearchBookCell.swift in Sources */ = {isa = PBXBuildFile; fileRef = 115C17DD22DF3B2800262980 /* SearchBookCell.swift */; };
		115CD1A422DF3D1000791A86 /* DealView.swift in Sources */ = {isa = PBXBuildFile; fileRef = 115CD1A222DF3D1000791A86 /* DealView.swift */; };
		115CD1A522DF3D1000791A86 /* PriceView.swift in Sources */ = {isa = PBXBuildFile; fileRef = 115CD1A322DF3D1000791A86 /* PriceView.swift */; };
		115CD1A722DF3D2700791A86 /* DataStackView.swift in Sources */ = {isa = PBXBuildFile; fileRef = 115CD1A622DF3D2700791A86 /* DataStackView.swift */; };
		11EA162022DE044B00C799D2 /* FoodList.swift in Sources */ = {isa = PBXBuildFile; fileRef = 11EA161F22DE044B00C799D2 /* FoodList.swift */; };
		11FCDCF522DEE9230013FDB9 /* Food.swift in Sources */ = {isa = PBXBuildFile; fileRef = 11FCDCF422DEE9230013FDB9 /* Food.swift */; };
		11FCDCF722DEE9C40013FDB9 /* FoodDetailRow.swift in Sources */ = {isa = PBXBuildFile; fileRef = 11FCDCF622DEE9C40013FDB9 /* FoodDetailRow.swift */; };
		11FCDCF922DEEAAD0013FDB9 /* FoodDetailView.swift in Sources */ = {isa = PBXBuildFile; fileRef = 11FCDCF822DEEAAD0013FDB9 /* FoodDetailView.swift */; };
		11FCDCFB22DEEB040013FDB9 /* FoodHelper.swift in Sources */ = {isa = PBXBuildFile; fileRef = 11FCDCFA22DEEB040013FDB9 /* FoodHelper.swift */; };
		11FCDD0122DF22AA0013FDB9 /* SearchRepositoryResponse.swift in Sources */ = {isa = PBXBuildFile; fileRef = 11FCDD0022DF22AA0013FDB9 /* SearchRepositoryResponse.swift */; };
		11FCDD0322DF22C10013FDB9 /* Repository.swift in Sources */ = {isa = PBXBuildFile; fileRef = 11FCDD0222DF22C10013FDB9 /* Repository.swift */; };
		11FCDD0522DF22D40013FDB9 /* User.swift in Sources */ = {isa = PBXBuildFile; fileRef = 11FCDD0422DF22D40013FDB9 /* User.swift */; };
		11FCDD0722DF22F20013FDB9 /* AnySubscription.swift in Sources */ = {isa = PBXBuildFile; fileRef = 11FCDD0622DF22F20013FDB9 /* AnySubscription.swift */; };
		11FCDD0922DF23DC0013FDB9 /* UnidirectionalDataFlowType.swift in Sources */ = {isa = PBXBuildFile; fileRef = 11FCDD0822DF23DC0013FDB9 /* UnidirectionalDataFlowType.swift */; };
		11FCDD0B22DF243C0013FDB9 /* RepositoryDetailViewModel.swift in Sources */ = {isa = PBXBuildFile; fileRef = 11FCDD0A22DF243C0013FDB9 /* RepositoryDetailViewModel.swift */; };
		11FCDD0D22DF24EA0013FDB9 /* RepositoryListViewModel.swift in Sources */ = {isa = PBXBuildFile; fileRef = 11FCDD0C22DF24EA0013FDB9 /* RepositoryListViewModel.swift */; };
		11FCDD1022DF25590013FDB9 /* APIService.swift in Sources */ = {isa = PBXBuildFile; fileRef = 11FCDD0F22DF25590013FDB9 /* APIService.swift */; };
		11FCDD1222DF25870013FDB9 /* APIServiceError.swift in Sources */ = {isa = PBXBuildFile; fileRef = 11FCDD1122DF25870013FDB9 /* APIServiceError.swift */; };
		11FCDD1422DF259C0013FDB9 /* TrackerService.swift in Sources */ = {isa = PBXBuildFile; fileRef = 11FCDD1322DF259C0013FDB9 /* TrackerService.swift */; };
		11FCDD1622DF25B40013FDB9 /* SearchRepositoryRequest.swift in Sources */ = {isa = PBXBuildFile; fileRef = 11FCDD1522DF25B40013FDB9 /* SearchRepositoryRequest.swift */; };
		11FCDD1822DF25C60013FDB9 /* ExperimentService.swift in Sources */ = {isa = PBXBuildFile; fileRef = 11FCDD1722DF25C60013FDB9 /* ExperimentService.swift */; };
		11FCDD1A22DF26050013FDB9 /* RepositoryListView.swift in Sources */ = {isa = PBXBuildFile; fileRef = 11FCDD1922DF26050013FDB9 /* RepositoryListView.swift */; };
		11FCDD1C22DF26220013FDB9 /* RepositoryListRow.swift in Sources */ = {isa = PBXBuildFile; fileRef = 11FCDD1B22DF26220013FDB9 /* RepositoryListRow.swift */; };
		11FCDD1E22DF26340013FDB9 /* RepositoryDetailView.swift in Sources */ = {isa = PBXBuildFile; fileRef = 11FCDD1D22DF26340013FDB9 /* RepositoryDetailView.swift */; };
		68AFC8E82841D6DB00D3C03C /* TabBarView.swift in Sources */ = {isa = PBXBuildFile; fileRef = 68AFC8E72841D6DB00D3C03C /* TabBarView.swift */; };
		68AFC8EB2841E0C100D3C03C /* MyProfileView.swift in Sources */ = {isa = PBXBuildFile; fileRef = 68AFC8EA2841E0C100D3C03C /* MyProfileView.swift */; };
		68AFC8F028420EEE00D3C03C /* ExpandCollapseView.swift in Sources */ = {isa = PBXBuildFile; fileRef = 68AFC8EF28420EEE00D3C03C /* ExpandCollapseView.swift */; };
		68AFC8F42842154700D3C03C /* GroupedListView.swift in Sources */ = {isa = PBXBuildFile; fileRef = 68AFC8F32842154700D3C03C /* GroupedListView.swift */; };
		68DF42C02842360E00FEB792 /* BulkDeleteListView.swift in Sources */ = {isa = PBXBuildFile; fileRef = 68DF42BF2842360E00FEB792 /* BulkDeleteListView.swift */; };
		68DF42C22842362200FEB792 /* SwipeDeleteListView.swift in Sources */ = {isa = PBXBuildFile; fileRef = 68DF42C12842362200FEB792 /* SwipeDeleteListView.swift */; };
		68DF42C428424BE000FEB792 /* SearchRepoViewModel.swift in Sources */ = {isa = PBXBuildFile; fileRef = 68DF42C328424BE000FEB792 /* SearchRepoViewModel.swift */; };
		68DF42C7284295A300FEB792 /* ListWithLazyVGrid.swift in Sources */ = {isa = PBXBuildFile; fileRef = 68DF42C6284295A300FEB792 /* ListWithLazyVGrid.swift */; };
		68DF43162842968400FEB792 /* CoffeeImages.xcassets in Resources */ = {isa = PBXBuildFile; fileRef = 68DF43152842968400FEB792 /* CoffeeImages.xcassets */; };
		68DF431A284298DD00FEB792 /* GridList.swift in Sources */ = {isa = PBXBuildFile; fileRef = 68DF4319284298DD00FEB792 /* GridList.swift */; };
		68DF431C2842990A00FEB792 /* GridListItem.swift in Sources */ = {isa = PBXBuildFile; fileRef = 68DF431B2842990A00FEB792 /* GridListItem.swift */; };
		68DF432028429F1800FEB792 /* ComplexGridView.swift in Sources */ = {isa = PBXBuildFile; fileRef = 68DF431F28429F1800FEB792 /* ComplexGridView.swift */; };
		68DF432228429FE700FEB792 /* ComplexGridView2.swift in Sources */ = {isa = PBXBuildFile; fileRef = 68DF432128429FE700FEB792 /* ComplexGridView2.swift */; };
/* End PBXBuildFile section */

/* Begin PBXContainerItemProxy section */
		1138258C22DDF2AC0014B691 /* PBXContainerItemProxy */ = {
			isa = PBXContainerItemProxy;
			containerPortal = 1138256D22DDF2AA0014B691 /* Project object */;
			proxyType = 1;
			remoteGlobalIDString = 1138257422DDF2AA0014B691;
			remoteInfo = SwiftUIDemo;
		};
/* End PBXContainerItemProxy section */

/* Begin PBXFileReference section */
		112F2F3322DDF2F000075244 /* Tutor.xcassets */ = {isa = PBXFileReference; lastKnownFileType = folder.assetcatalog; path = Tutor.xcassets; sourceTree = "<group>"; };
		112F2F3722DDF30100075244 /* FormView.swift */ = {isa = PBXFileReference; fileEncoding = 4; lastKnownFileType = sourcecode.swift; path = FormView.swift; sourceTree = "<group>"; };
		112F2F3822DDF30100075244 /* FormRow.swift */ = {isa = PBXFileReference; fileEncoding = 4; lastKnownFileType = sourcecode.swift; path = FormRow.swift; sourceTree = "<group>"; };
		112F2F3A22DDF30100075244 /* MenuListView.swift */ = {isa = PBXFileReference; fileEncoding = 4; lastKnownFileType = sourcecode.swift; path = MenuListView.swift; sourceTree = "<group>"; };
		112F2F3B22DDF30100075244 /* MenuRow.swift */ = {isa = PBXFileReference; fileEncoding = 4; lastKnownFileType = sourcecode.swift; path = MenuRow.swift; sourceTree = "<group>"; };
		112F2F3C22DDF30100075244 /* MenuDetailView.swift */ = {isa = PBXFileReference; fileEncoding = 4; lastKnownFileType = sourcecode.swift; path = MenuDetailView.swift; sourceTree = "<group>"; };
		112F2F3E22DDF30100075244 /* LandingView.swift */ = {isa = PBXFileReference; fileEncoding = 4; lastKnownFileType = sourcecode.swift; path = LandingView.swift; sourceTree = "<group>"; };
		112F2F4022DDF30100075244 /* RepoRow.swift */ = {isa = PBXFileReference; fileEncoding = 4; lastKnownFileType = sourcecode.swift; path = RepoRow.swift; sourceTree = "<group>"; };
		112F2F4122DDF30100075244 /* SearchRepoView.swift */ = {isa = PBXFileReference; fileEncoding = 4; lastKnownFileType = sourcecode.swift; path = SearchRepoView.swift; sourceTree = "<group>"; };
		112F2F4222DDF30100075244 /* ReposStore.swift */ = {isa = PBXFileReference; fileEncoding = 4; lastKnownFileType = sourcecode.swift; path = ReposStore.swift; sourceTree = "<group>"; };
		112F2F4322DDF30100075244 /* ServiceHelper.swift */ = {isa = PBXFileReference; fileEncoding = 4; lastKnownFileType = sourcecode.swift; path = ServiceHelper.swift; sourceTree = "<group>"; };
		112F2F4422DDF30100075244 /* Repo.swift */ = {isa = PBXFileReference; fileEncoding = 4; lastKnownFileType = sourcecode.swift; path = Repo.swift; sourceTree = "<group>"; };
		112F2F4622DDF30100075244 /* TutorRowView.swift */ = {isa = PBXFileReference; fileEncoding = 4; lastKnownFileType = sourcecode.swift; path = TutorRowView.swift; sourceTree = "<group>"; };
		112F2F4722DDF30100075244 /* TutorListView.swift */ = {isa = PBXFileReference; fileEncoding = 4; lastKnownFileType = sourcecode.swift; path = TutorListView.swift; sourceTree = "<group>"; };
		112F2F4822DDF30100075244 /* TutorDetailView.swift */ = {isa = PBXFileReference; fileEncoding = 4; lastKnownFileType = sourcecode.swift; path = TutorDetailView.swift; sourceTree = "<group>"; };
		112F2F4A22DDF30100075244 /* SettingsView.swift */ = {isa = PBXFileReference; fileEncoding = 4; lastKnownFileType = sourcecode.swift; path = SettingsView.swift; sourceTree = "<group>"; };
		112F2F4B22DDF30100075244 /* SettingsStore.swift */ = {isa = PBXFileReference; fileEncoding = 4; lastKnownFileType = sourcecode.swift; path = SettingsStore.swift; sourceTree = "<group>"; };
		112F2F4D22DDF30100075244 /* p-4.jpg */ = {isa = PBXFileReference; lastKnownFileType = image.jpeg; path = "p-4.jpg"; sourceTree = "<group>"; };
		112F2F4E22DDF30100075244 /* p-1.jpg */ = {isa = PBXFileReference; lastKnownFileType = image.jpeg; path = "p-1.jpg"; sourceTree = "<group>"; };
		112F2F4F22DDF30100075244 /* p-3.jpg */ = {isa = PBXFileReference; lastKnownFileType = image.jpeg; path = "p-3.jpg"; sourceTree = "<group>"; };
		112F2F5022DDF30100075244 /* p-2.jpg */ = {isa = PBXFileReference; lastKnownFileType = image.jpeg; path = "p-2.jpg"; sourceTree = "<group>"; };
		112F2F5222DDF30100075244 /* Tutor.swift */ = {isa = PBXFileReference; fileEncoding = 4; lastKnownFileType = sourcecode.swift; path = Tutor.swift; sourceTree = "<group>"; };
		112F2F5322DDF30100075244 /* MenuItem.swift */ = {isa = PBXFileReference; fileEncoding = 4; lastKnownFileType = sourcecode.swift; path = MenuItem.swift; sourceTree = "<group>"; };
		112F2F5522DDF30100075244 /* File.rtf */ = {isa = PBXFileReference; fileEncoding = 4; lastKnownFileType = text.rtf; path = File.rtf; sourceTree = "<group>"; };
		112F2F5622DDF30100075244 /* Menu.json */ = {isa = PBXFileReference; fileEncoding = 4; lastKnownFileType = text.json; path = Menu.json; sourceTree = "<group>"; };
		112F2F7022DDF73900075244 /* LoginView.swift */ = {isa = PBXFileReference; lastKnownFileType = sourcecode.swift; path = LoginView.swift; sourceTree = "<group>"; };
		11333F3922E046BF00ABBCFE /* NetworkManager.swift */ = {isa = PBXFileReference; lastKnownFileType = sourcecode.swift; path = NetworkManager.swift; sourceTree = "<group>"; };
		11333F3B22E046D400ABBCFE /* ImagelistView.swift */ = {isa = PBXFileReference; lastKnownFileType = sourcecode.swift; path = ImagelistView.swift; sourceTree = "<group>"; };
		11333F3D22E046E800ABBCFE /* Course.swift */ = {isa = PBXFileReference; lastKnownFileType = sourcecode.swift; path = Course.swift; sourceTree = "<group>"; };
		11333F3F22E04B4D00ABBCFE /* CourseRow.swift */ = {isa = PBXFileReference; lastKnownFileType = sourcecode.swift; path = CourseRow.swift; sourceTree = "<group>"; };
		11333F4122E0514F00ABBCFE /* ImageViewWidget.swift */ = {isa = PBXFileReference; lastKnownFileType = sourcecode.swift; path = ImageViewWidget.swift; sourceTree = "<group>"; };
		11333F4322E0519900ABBCFE /* ImageLoader.swift */ = {isa = PBXFileReference; lastKnownFileType = sourcecode.swift; path = ImageLoader.swift; sourceTree = "<group>"; };
		1138257522DDF2AA0014B691 /* SwiftUIDemo.app */ = {isa = PBXFileReference; explicitFileType = wrapper.application; includeInIndex = 0; path = SwiftUIDemo.app; sourceTree = BUILT_PRODUCTS_DIR; };
		1138257822DDF2AA0014B691 /* AppDelegate.swift */ = {isa = PBXFileReference; lastKnownFileType = sourcecode.swift; path = AppDelegate.swift; sourceTree = "<group>"; };
		1138257A22DDF2AA0014B691 /* SceneDelegate.swift */ = {isa = PBXFileReference; lastKnownFileType = sourcecode.swift; path = SceneDelegate.swift; sourceTree = "<group>"; };
		1138257E22DDF2AC0014B691 /* Assets.xcassets */ = {isa = PBXFileReference; lastKnownFileType = folder.assetcatalog; path = Assets.xcassets; sourceTree = "<group>"; };
		1138258122DDF2AC0014B691 /* Preview Assets.xcassets */ = {isa = PBXFileReference; lastKnownFileType = folder.assetcatalog; path = "Preview Assets.xcassets"; sourceTree = "<group>"; };
		1138258422DDF2AC0014B691 /* Base */ = {isa = PBXFileReference; lastKnownFileType = file.storyboard; name = Base; path = Base.lproj/LaunchScreen.storyboard; sourceTree = "<group>"; };
		1138258622DDF2AC0014B691 /* Info.plist */ = {isa = PBXFileReference; lastKnownFileType = text.plist.xml; path = Info.plist; sourceTree = "<group>"; };
		1138258B22DDF2AC0014B691 /* SwiftUIDemoTests.xctest */ = {isa = PBXFileReference; explicitFileType = wrapper.cfbundle; includeInIndex = 0; path = SwiftUIDemoTests.xctest; sourceTree = BUILT_PRODUCTS_DIR; };
		1138258F22DDF2AC0014B691 /* SwiftUIDemoTests.swift */ = {isa = PBXFileReference; lastKnownFileType = sourcecode.swift; path = SwiftUIDemoTests.swift; sourceTree = "<group>"; };
		1138259122DDF2AC0014B691 /* Info.plist */ = {isa = PBXFileReference; lastKnownFileType = text.plist.xml; path = Info.plist; sourceTree = "<group>"; };
		115C17CA22DF39FF00262980 /* Book.swift */ = {isa = PBXFileReference; lastKnownFileType = sourcecode.swift; path = Book.swift; sourceTree = "<group>"; };
		115C17CC22DF3A3A00262980 /* BookDisplayData.swift */ = {isa = PBXFileReference; lastKnownFileType = sourcecode.swift; path = BookDisplayData.swift; sourceTree = "<group>"; };
		115C17CF22DF3A7C00262980 /* BookAPIService.swift */ = {isa = PBXFileReference; lastKnownFileType = sourcecode.swift; path = BookAPIService.swift; sourceTree = "<group>"; };
		115C17D122DF3A9A00262980 /* FoundationExtensions.swift */ = {isa = PBXFileReference; lastKnownFileType = sourcecode.swift; path = FoundationExtensions.swift; sourceTree = "<group>"; };
		115C17D422DF3ABD00262980 /* BookDetail.swift */ = {isa = PBXFileReference; lastKnownFileType = sourcecode.swift; path = BookDetail.swift; sourceTree = "<group>"; };
		115C17D622DF3AD700262980 /* SearchBookView.swift */ = {isa = PBXFileReference; lastKnownFileType = sourcecode.swift; path = SearchBookView.swift; sourceTree = "<group>"; };
		115C17D922DF3AFB00262980 /* SearchBookViewModel.swift */ = {isa = PBXFileReference; lastKnownFileType = sourcecode.swift; path = SearchBookViewModel.swift; sourceTree = "<group>"; };
		115C17DB22DF3B1500262980 /* SearchBookBar.swift */ = {isa = PBXFileReference; lastKnownFileType = sourcecode.swift; path = SearchBookBar.swift; sourceTree = "<group>"; };
		115C17DD22DF3B2800262980 /* SearchBookCell.swift */ = {isa = PBXFileReference; lastKnownFileType = sourcecode.swift; path = SearchBookCell.swift; sourceTree = "<group>"; };
		115CD1A222DF3D1000791A86 /* DealView.swift */ = {isa = PBXFileReference; fileEncoding = 4; lastKnownFileType = sourcecode.swift; path = DealView.swift; sourceTree = "<group>"; };
		115CD1A322DF3D1000791A86 /* PriceView.swift */ = {isa = PBXFileReference; fileEncoding = 4; lastKnownFileType = sourcecode.swift; path = PriceView.swift; sourceTree = "<group>"; };
		115CD1A622DF3D2700791A86 /* DataStackView.swift */ = {isa = PBXFileReference; lastKnownFileType = sourcecode.swift; path = DataStackView.swift; sourceTree = "<group>"; };
		11EA161F22DE044B00C799D2 /* FoodList.swift */ = {isa = PBXFileReference; lastKnownFileType = sourcecode.swift; path = FoodList.swift; sourceTree = "<group>"; };
		11FCDCF422DEE9230013FDB9 /* Food.swift */ = {isa = PBXFileReference; lastKnownFileType = sourcecode.swift; path = Food.swift; sourceTree = "<group>"; };
		11FCDCF622DEE9C40013FDB9 /* FoodDetailRow.swift */ = {isa = PBXFileReference; lastKnownFileType = sourcecode.swift; path = FoodDetailRow.swift; sourceTree = "<group>"; };
		11FCDCF822DEEAAD0013FDB9 /* FoodDetailView.swift */ = {isa = PBXFileReference; lastKnownFileType = sourcecode.swift; path = FoodDetailView.swift; sourceTree = "<group>"; };
		11FCDCFA22DEEB040013FDB9 /* FoodHelper.swift */ = {isa = PBXFileReference; lastKnownFileType = sourcecode.swift; path = FoodHelper.swift; sourceTree = "<group>"; };
		11FCDD0022DF22AA0013FDB9 /* SearchRepositoryResponse.swift */ = {isa = PBXFileReference; lastKnownFileType = sourcecode.swift; path = SearchRepositoryResponse.swift; sourceTree = "<group>"; };
		11FCDD0222DF22C10013FDB9 /* Repository.swift */ = {isa = PBXFileReference; lastKnownFileType = sourcecode.swift; path = Repository.swift; sourceTree = "<group>"; };
		11FCDD0422DF22D40013FDB9 /* User.swift */ = {isa = PBXFileReference; lastKnownFileType = sourcecode.swift; path = User.swift; sourceTree = "<group>"; };
		11FCDD0622DF22F20013FDB9 /* AnySubscription.swift */ = {isa = PBXFileReference; lastKnownFileType = sourcecode.swift; path = AnySubscription.swift; sourceTree = "<group>"; };
		11FCDD0822DF23DC0013FDB9 /* UnidirectionalDataFlowType.swift */ = {isa = PBXFileReference; lastKnownFileType = sourcecode.swift; path = UnidirectionalDataFlowType.swift; sourceTree = "<group>"; };
		11FCDD0A22DF243C0013FDB9 /* RepositoryDetailViewModel.swift */ = {isa = PBXFileReference; lastKnownFileType = sourcecode.swift; path = RepositoryDetailViewModel.swift; sourceTree = "<group>"; };
		11FCDD0C22DF24EA0013FDB9 /* RepositoryListViewModel.swift */ = {isa = PBXFileReference; lastKnownFileType = sourcecode.swift; path = RepositoryListViewModel.swift; sourceTree = "<group>"; };
		11FCDD0F22DF25590013FDB9 /* APIService.swift */ = {isa = PBXFileReference; lastKnownFileType = sourcecode.swift; path = APIService.swift; sourceTree = "<group>"; };
		11FCDD1122DF25870013FDB9 /* APIServiceError.swift */ = {isa = PBXFileReference; lastKnownFileType = sourcecode.swift; path = APIServiceError.swift; sourceTree = "<group>"; };
		11FCDD1322DF259C0013FDB9 /* TrackerService.swift */ = {isa = PBXFileReference; lastKnownFileType = sourcecode.swift; path = TrackerService.swift; sourceTree = "<group>"; };
		11FCDD1522DF25B40013FDB9 /* SearchRepositoryRequest.swift */ = {isa = PBXFileReference; lastKnownFileType = sourcecode.swift; path = SearchRepositoryRequest.swift; sourceTree = "<group>"; };
		11FCDD1722DF25C60013FDB9 /* ExperimentService.swift */ = {isa = PBXFileReference; lastKnownFileType = sourcecode.swift; path = ExperimentService.swift; sourceTree = "<group>"; };
		11FCDD1922DF26050013FDB9 /* RepositoryListView.swift */ = {isa = PBXFileReference; lastKnownFileType = sourcecode.swift; path = RepositoryListView.swift; sourceTree = "<group>"; };
		11FCDD1B22DF26220013FDB9 /* RepositoryListRow.swift */ = {isa = PBXFileReference; lastKnownFileType = sourcecode.swift; path = RepositoryListRow.swift; sourceTree = "<group>"; };
		11FCDD1D22DF26340013FDB9 /* RepositoryDetailView.swift */ = {isa = PBXFileReference; lastKnownFileType = sourcecode.swift; path = RepositoryDetailView.swift; sourceTree = "<group>"; };
		68AFC8E72841D6DB00D3C03C /* TabBarView.swift */ = {isa = PBXFileReference; fileEncoding = 4; lastKnownFileType = sourcecode.swift; path = TabBarView.swift; sourceTree = "<group>"; };
		68AFC8EA2841E0C100D3C03C /* MyProfileView.swift */ = {isa = PBXFileReference; fileEncoding = 4; lastKnownFileType = sourcecode.swift; path = MyProfileView.swift; sourceTree = "<group>"; };
		68AFC8EF28420EEE00D3C03C /* ExpandCollapseView.swift */ = {isa = PBXFileReference; lastKnownFileType = sourcecode.swift; path = ExpandCollapseView.swift; sourceTree = "<group>"; };
		68AFC8F32842154700D3C03C /* GroupedListView.swift */ = {isa = PBXFileReference; lastKnownFileType = sourcecode.swift; path = GroupedListView.swift; sourceTree = "<group>"; };
		68DF42BF2842360E00FEB792 /* BulkDeleteListView.swift */ = {isa = PBXFileReference; fileEncoding = 4; lastKnownFileType = sourcecode.swift; path = BulkDeleteListView.swift; sourceTree = "<group>"; };
		68DF42C12842362200FEB792 /* SwipeDeleteListView.swift */ = {isa = PBXFileReference; fileEncoding = 4; lastKnownFileType = sourcecode.swift; path = SwipeDeleteListView.swift; sourceTree = "<group>"; };
		68DF42C328424BE000FEB792 /* SearchRepoViewModel.swift */ = {isa = PBXFileReference; lastKnownFileType = sourcecode.swift; path = SearchRepoViewModel.swift; sourceTree = "<group>"; };
		68DF42C6284295A300FEB792 /* ListWithLazyVGrid.swift */ = {isa = PBXFileReference; lastKnownFileType = sourcecode.swift; path = ListWithLazyVGrid.swift; sourceTree = "<group>"; };
		68DF43152842968400FEB792 /* CoffeeImages.xcassets */ = {isa = PBXFileReference; lastKnownFileType = folder.assetcatalog; path = CoffeeImages.xcassets; sourceTree = "<group>"; };
		68DF4319284298DD00FEB792 /* GridList.swift */ = {isa = PBXFileReference; lastKnownFileType = sourcecode.swift; path = GridList.swift; sourceTree = "<group>"; };
		68DF431B2842990A00FEB792 /* GridListItem.swift */ = {isa = PBXFileReference; lastKnownFileType = sourcecode.swift; path = GridListItem.swift; sourceTree = "<group>"; };
		68DF431F28429F1800FEB792 /* ComplexGridView.swift */ = {isa = PBXFileReference; lastKnownFileType = sourcecode.swift; path = ComplexGridView.swift; sourceTree = "<group>"; };
		68DF432128429FE700FEB792 /* ComplexGridView2.swift */ = {isa = PBXFileReference; lastKnownFileType = sourcecode.swift; path = ComplexGridView2.swift; sourceTree = "<group>"; };
/* End PBXFileReference section */

/* Begin PBXFrameworksBuildPhase section */
		1138257222DDF2AA0014B691 /* Frameworks */ = {
			isa = PBXFrameworksBuildPhase;
			buildActionMask = 2147483647;
			files = (
			);
			runOnlyForDeploymentPostprocessing = 0;
		};
		1138258822DDF2AC0014B691 /* Frameworks */ = {
			isa = PBXFrameworksBuildPhase;
			buildActionMask = 2147483647;
			files = (
			);
			runOnlyForDeploymentPostprocessing = 0;
		};
/* End PBXFrameworksBuildPhase section */

/* Begin PBXGroup section */
		112F2F3522DDF30100075244 /* Views */ = {
			isa = PBXGroup;
			children = (
				68DF42C5284294CB00FEB792 /* Grid */,
				68AFC8EC2841E40100D3C03C /* DemoList */,
				68AFC8E92841E0C100D3C03C /* Profile */,
				68AFC8E62841D6DB00D3C03C /* TabBar */,
				11333F3822E046A100ABBCFE /* SimpleImageListyFetch */,
				115CD1A122DF3CFC00791A86 /* DealStack */,
				115C17C822DF39DE00262980 /* BookSearch */,
				11FCDCFC22DF225C0013FDB9 /* MVVMDemo */,
				11EA161E22DE043500C799D2 /* List2Demo */,
				112F2F6F22DDF71300075244 /* LoginDemo */,
				112F2F3622DDF30100075244 /* FormExample */,
				112F2F3922DDF30100075244 /* SimpleMenuList */,
				112F2F3D22DDF30100075244 /* Others */,
				112F2F3F22DDF30100075244 /* SearchRepo */,
				112F2F4522DDF30100075244 /* TutorListExample */,
				112F2F4922DDF30100075244 /* SettingScreen */,
			);
			path = Views;
			sourceTree = "<group>";
		};
		112F2F3622DDF30100075244 /* FormExample */ = {
			isa = PBXGroup;
			children = (
				112F2F3722DDF30100075244 /* FormView.swift */,
				112F2F3822DDF30100075244 /* FormRow.swift */,
			);
			path = FormExample;
			sourceTree = "<group>";
		};
		112F2F3922DDF30100075244 /* SimpleMenuList */ = {
			isa = PBXGroup;
			children = (
				112F2F5322DDF30100075244 /* MenuItem.swift */,
				112F2F3A22DDF30100075244 /* MenuListView.swift */,
				112F2F3B22DDF30100075244 /* MenuRow.swift */,
				112F2F3C22DDF30100075244 /* MenuDetailView.swift */,
			);
			path = SimpleMenuList;
			sourceTree = "<group>";
		};
		112F2F3D22DDF30100075244 /* Others */ = {
			isa = PBXGroup;
			children = (
				112F2F3E22DDF30100075244 /* LandingView.swift */,
			);
			path = Others;
			sourceTree = "<group>";
		};
		112F2F3F22DDF30100075244 /* SearchRepo */ = {
			isa = PBXGroup;
			children = (
				112F2F4022DDF30100075244 /* RepoRow.swift */,
				112F2F4122DDF30100075244 /* SearchRepoView.swift */,
				112F2F4222DDF30100075244 /* ReposStore.swift */,
				112F2F4322DDF30100075244 /* ServiceHelper.swift */,
				112F2F4422DDF30100075244 /* Repo.swift */,
				68DF42C328424BE000FEB792 /* SearchRepoViewModel.swift */,
			);
			path = SearchRepo;
			sourceTree = "<group>";
		};
		112F2F4522DDF30100075244 /* TutorListExample */ = {
			isa = PBXGroup;
			children = (
				112F2F5222DDF30100075244 /* Tutor.swift */,
				112F2F4622DDF30100075244 /* TutorRowView.swift */,
				112F2F4722DDF30100075244 /* TutorListView.swift */,
				112F2F4822DDF30100075244 /* TutorDetailView.swift */,
			);
			path = TutorListExample;
			sourceTree = "<group>";
		};
		112F2F4922DDF30100075244 /* SettingScreen */ = {
			isa = PBXGroup;
			children = (
				112F2F4A22DDF30100075244 /* SettingsView.swift */,
				112F2F4B22DDF30100075244 /* SettingsStore.swift */,
			);
			path = SettingScreen;
			sourceTree = "<group>";
		};
		112F2F4C22DDF30100075244 /* Artwork */ = {
			isa = PBXGroup;
			children = (
				112F2F4D22DDF30100075244 /* p-4.jpg */,
				112F2F4E22DDF30100075244 /* p-1.jpg */,
				112F2F4F22DDF30100075244 /* p-3.jpg */,
				112F2F5022DDF30100075244 /* p-2.jpg */,
			);
			path = Artwork;
			sourceTree = "<group>";
		};
		112F2F5422DDF30100075244 /* Jsons */ = {
			isa = PBXGroup;
			children = (
				112F2F5522DDF30100075244 /* File.rtf */,
				112F2F5622DDF30100075244 /* Menu.json */,
			);
			path = Jsons;
			sourceTree = "<group>";
		};
		112F2F6F22DDF71300075244 /* LoginDemo */ = {
			isa = PBXGroup;
			children = (
				112F2F7022DDF73900075244 /* LoginView.swift */,
			);
			path = LoginDemo;
			sourceTree = "<group>";
		};
		11333F3822E046A100ABBCFE /* SimpleImageListyFetch */ = {
			isa = PBXGroup;
			children = (
				11333F3922E046BF00ABBCFE /* NetworkManager.swift */,
				11333F3B22E046D400ABBCFE /* ImagelistView.swift */,
				11333F3D22E046E800ABBCFE /* Course.swift */,
				11333F3F22E04B4D00ABBCFE /* CourseRow.swift */,
				11333F4122E0514F00ABBCFE /* ImageViewWidget.swift */,
				11333F4322E0519900ABBCFE /* ImageLoader.swift */,
			);
			path = SimpleImageListyFetch;
			sourceTree = "<group>";
		};
		1138256C22DDF2AA0014B691 = {
			isa = PBXGroup;
			children = (
				1138257722DDF2AA0014B691 /* SwiftUIDemo */,
				1138258E22DDF2AC0014B691 /* SwiftUIDemoTests */,
				1138257622DDF2AA0014B691 /* Products */,
			);
			sourceTree = "<group>";
		};
		1138257622DDF2AA0014B691 /* Products */ = {
			isa = PBXGroup;
			children = (
				1138257522DDF2AA0014B691 /* SwiftUIDemo.app */,
				1138258B22DDF2AC0014B691 /* SwiftUIDemoTests.xctest */,
			);
			name = Products;
			sourceTree = "<group>";
		};
		1138257722DDF2AA0014B691 /* SwiftUIDemo */ = {
			isa = PBXGroup;
			children = (
				112F2F4C22DDF30100075244 /* Artwork */,
				112F2F5422DDF30100075244 /* Jsons */,
				112F2F3522DDF30100075244 /* Views */,
				1138257822DDF2AA0014B691 /* AppDelegate.swift */,
				1138257A22DDF2AA0014B691 /* SceneDelegate.swift */,
				1138257E22DDF2AC0014B691 /* Assets.xcassets */,
				112F2F3322DDF2F000075244 /* Tutor.xcassets */,
				68DF43152842968400FEB792 /* CoffeeImages.xcassets */,
				1138258322DDF2AC0014B691 /* LaunchScreen.storyboard */,
				1138258622DDF2AC0014B691 /* Info.plist */,
				1138258022DDF2AC0014B691 /* Preview Content */,
			);
			path = SwiftUIDemo;
			sourceTree = "<group>";
		};
		1138258022DDF2AC0014B691 /* Preview Content */ = {
			isa = PBXGroup;
			children = (
				1138258122DDF2AC0014B691 /* Preview Assets.xcassets */,
			);
			path = "Preview Content";
			sourceTree = "<group>";
		};
		1138258E22DDF2AC0014B691 /* SwiftUIDemoTests */ = {
			isa = PBXGroup;
			children = (
				1138258F22DDF2AC0014B691 /* SwiftUIDemoTests.swift */,
				1138259122DDF2AC0014B691 /* Info.plist */,
			);
			path = SwiftUIDemoTests;
			sourceTree = "<group>";
		};
		115C17C822DF39DE00262980 /* BookSearch */ = {
			isa = PBXGroup;
			children = (
				115C17D822DF3AEE00262980 /* ViewModel */,
				115C17D322DF3AB400262980 /* Views */,
				115C17CE22DF3A5E00262980 /* Utils */,
				115C17C922DF39F300262980 /* Model */,
			);
			path = BookSearch;
			sourceTree = "<group>";
		};
		115C17C922DF39F300262980 /* Model */ = {
			isa = PBXGroup;
			children = (
				115C17CA22DF39FF00262980 /* Book.swift */,
				115C17CC22DF3A3A00262980 /* BookDisplayData.swift */,
			);
			path = Model;
			sourceTree = "<group>";
		};
		115C17CE22DF3A5E00262980 /* Utils */ = {
			isa = PBXGroup;
			children = (
				115C17CF22DF3A7C00262980 /* BookAPIService.swift */,
				115C17D122DF3A9A00262980 /* FoundationExtensions.swift */,
			);
			path = Utils;
			sourceTree = "<group>";
		};
		115C17D322DF3AB400262980 /* Views */ = {
			isa = PBXGroup;
			children = (
				115C17D422DF3ABD00262980 /* BookDetail.swift */,
				115C17D622DF3AD700262980 /* SearchBookView.swift */,
				115C17DB22DF3B1500262980 /* SearchBookBar.swift */,
				115C17DD22DF3B2800262980 /* SearchBookCell.swift */,
			);
			path = Views;
			sourceTree = "<group>";
		};
		115C17D822DF3AEE00262980 /* ViewModel */ = {
			isa = PBXGroup;
			children = (
				115C17D922DF3AFB00262980 /* SearchBookViewModel.swift */,
			);
			path = ViewModel;
			sourceTree = "<group>";
		};
		115CD1A122DF3CFC00791A86 /* DealStack */ = {
			isa = PBXGroup;
			children = (
				115CD1A222DF3D1000791A86 /* DealView.swift */,
				115CD1A322DF3D1000791A86 /* PriceView.swift */,
				115CD1A622DF3D2700791A86 /* DataStackView.swift */,
			);
			path = DealStack;
			sourceTree = "<group>";
		};
		11EA161E22DE043500C799D2 /* List2Demo */ = {
			isa = PBXGroup;
			children = (
				11EA161F22DE044B00C799D2 /* FoodList.swift */,
				11FCDCF422DEE9230013FDB9 /* Food.swift */,
				11FCDCF622DEE9C40013FDB9 /* FoodDetailRow.swift */,
				11FCDCF822DEEAAD0013FDB9 /* FoodDetailView.swift */,
				11FCDCFA22DEEB040013FDB9 /* FoodHelper.swift */,
			);
			path = List2Demo;
			sourceTree = "<group>";
		};
		11FCDCFC22DF225C0013FDB9 /* MVVMDemo */ = {
			isa = PBXGroup;
			children = (
				11FCDD0E22DF25410013FDB9 /* Services */,
				11FCDCFF22DF22880013FDB9 /* Views */,
				11FCDCFE22DF227B0013FDB9 /* ViewModels */,
				11FCDCFD22DF22710013FDB9 /* Models */,
			);
			path = MVVMDemo;
			sourceTree = "<group>";
		};
		11FCDCFD22DF22710013FDB9 /* Models */ = {
			isa = PBXGroup;
			children = (
				11FCDD0022DF22AA0013FDB9 /* SearchRepositoryResponse.swift */,
				11FCDD0222DF22C10013FDB9 /* Repository.swift */,
				11FCDD0422DF22D40013FDB9 /* User.swift */,
				11FCDD0622DF22F20013FDB9 /* AnySubscription.swift */,
			);
			path = Models;
			sourceTree = "<group>";
		};
		11FCDCFE22DF227B0013FDB9 /* ViewModels */ = {
			isa = PBXGroup;
			children = (
				11FCDD0822DF23DC0013FDB9 /* UnidirectionalDataFlowType.swift */,
				11FCDD0A22DF243C0013FDB9 /* RepositoryDetailViewModel.swift */,
				11FCDD0C22DF24EA0013FDB9 /* RepositoryListViewModel.swift */,
			);
			path = ViewModels;
			sourceTree = "<group>";
		};
		11FCDCFF22DF22880013FDB9 /* Views */ = {
			isa = PBXGroup;
			children = (
				11FCDD1922DF26050013FDB9 /* RepositoryListView.swift */,
				11FCDD1B22DF26220013FDB9 /* RepositoryListRow.swift */,
				11FCDD1D22DF26340013FDB9 /* RepositoryDetailView.swift */,
			);
			path = Views;
			sourceTree = "<group>";
		};
		11FCDD0E22DF25410013FDB9 /* Services */ = {
			isa = PBXGroup;
			children = (
				11FCDD0F22DF25590013FDB9 /* APIService.swift */,
				11FCDD1122DF25870013FDB9 /* APIServiceError.swift */,
				11FCDD1322DF259C0013FDB9 /* TrackerService.swift */,
				11FCDD1522DF25B40013FDB9 /* SearchRepositoryRequest.swift */,
				11FCDD1722DF25C60013FDB9 /* ExperimentService.swift */,
			);
			path = Services;
			sourceTree = "<group>";
		};
		68AFC8E62841D6DB00D3C03C /* TabBar */ = {
			isa = PBXGroup;
			children = (
				68AFC8E72841D6DB00D3C03C /* TabBarView.swift */,
			);
			path = TabBar;
			sourceTree = "<group>";
		};
		68AFC8E92841E0C100D3C03C /* Profile */ = {
			isa = PBXGroup;
			children = (
				68AFC8EA2841E0C100D3C03C /* MyProfileView.swift */,
			);
			path = Profile;
			sourceTree = "<group>";
		};
		68AFC8EC2841E40100D3C03C /* DemoList */ = {
			isa = PBXGroup;
			children = (
				68AFC8EF28420EEE00D3C03C /* ExpandCollapseView.swift */,
				68AFC8F32842154700D3C03C /* GroupedListView.swift */,
				68DF42BF2842360E00FEB792 /* BulkDeleteListView.swift */,
				68DF42C12842362200FEB792 /* SwipeDeleteListView.swift */,
			);
			path = DemoList;
			sourceTree = "<group>";
		};
		68DF42C5284294CB00FEB792 /* Grid */ = {
			isa = PBXGroup;
			children = (
				68DF42C6284295A300FEB792 /* ListWithLazyVGrid.swift */,
				68DF4319284298DD00FEB792 /* GridList.swift */,
				68DF431B2842990A00FEB792 /* GridListItem.swift */,
				68DF431F28429F1800FEB792 /* ComplexGridView.swift */,
				68DF432128429FE700FEB792 /* ComplexGridView2.swift */,
			);
			path = Grid;
			sourceTree = "<group>";
		};
/* End PBXGroup section */

/* Begin PBXNativeTarget section */
		1138257422DDF2AA0014B691 /* SwiftUIDemo */ = {
			isa = PBXNativeTarget;
			buildConfigurationList = 1138259422DDF2AC0014B691 /* Build configuration list for PBXNativeTarget "SwiftUIDemo" */;
			buildPhases = (
				1138257122DDF2AA0014B691 /* Sources */,
				1138257222DDF2AA0014B691 /* Frameworks */,
				1138257322DDF2AA0014B691 /* Resources */,
			);
			buildRules = (
			);
			dependencies = (
			);
			name = SwiftUIDemo;
			productName = SwiftUIDemo;
			productReference = 1138257522DDF2AA0014B691 /* SwiftUIDemo.app */;
			productType = "com.apple.product-type.application";
		};
		1138258A22DDF2AC0014B691 /* SwiftUIDemoTests */ = {
			isa = PBXNativeTarget;
			buildConfigurationList = 1138259722DDF2AC0014B691 /* Build configuration list for PBXNativeTarget "SwiftUIDemoTests" */;
			buildPhases = (
				1138258722DDF2AC0014B691 /* Sources */,
				1138258822DDF2AC0014B691 /* Frameworks */,
				1138258922DDF2AC0014B691 /* Resources */,
			);
			buildRules = (
			);
			dependencies = (
				1138258D22DDF2AC0014B691 /* PBXTargetDependency */,
			);
			name = SwiftUIDemoTests;
			productName = SwiftUIDemoTests;
			productReference = 1138258B22DDF2AC0014B691 /* SwiftUIDemoTests.xctest */;
			productType = "com.apple.product-type.bundle.unit-test";
		};
/* End PBXNativeTarget section */

/* Begin PBXProject section */
		1138256D22DDF2AA0014B691 /* Project object */ = {
			isa = PBXProject;
			attributes = {
				LastSwiftUpdateCheck = 1100;
				LastUpgradeCheck = 1330;
				ORGANIZATIONNAME = raj.sharma;
				TargetAttributes = {
					1138257422DDF2AA0014B691 = {
						CreatedOnToolsVersion = 11.0;
					};
					1138258A22DDF2AC0014B691 = {
						CreatedOnToolsVersion = 11.0;
						TestTargetID = 1138257422DDF2AA0014B691;
					};
				};
			};
			buildConfigurationList = 1138257022DDF2AA0014B691 /* Build configuration list for PBXProject "SwiftUIDemo" */;
			compatibilityVersion = "Xcode 9.3";
			developmentRegion = en;
			hasScannedForEncodings = 0;
			knownRegions = (
				en,
				Base,
			);
			mainGroup = 1138256C22DDF2AA0014B691;
			productRefGroup = 1138257622DDF2AA0014B691 /* Products */;
			projectDirPath = "";
			projectRoot = "";
			targets = (
				1138257422DDF2AA0014B691 /* SwiftUIDemo */,
				1138258A22DDF2AC0014B691 /* SwiftUIDemoTests */,
			);
		};
/* End PBXProject section */

/* Begin PBXResourcesBuildPhase section */
		1138257322DDF2AA0014B691 /* Resources */ = {
			isa = PBXResourcesBuildPhase;
			buildActionMask = 2147483647;
			files = (
				112F2F6822DDF30100075244 /* p-1.jpg in Resources */,
				112F2F3422DDF2F000075244 /* Tutor.xcassets in Resources */,
				112F2F6E22DDF30100075244 /* Menu.json in Resources */,
				112F2F6722DDF30100075244 /* p-4.jpg in Resources */,
				1138258522DDF2AC0014B691 /* LaunchScreen.storyboard in Resources */,
				1138258222DDF2AC0014B691 /* Preview Assets.xcassets in Resources */,
				68DF43162842968400FEB792 /* CoffeeImages.xcassets in Resources */,
				112F2F6A22DDF30100075244 /* p-2.jpg in Resources */,
				112F2F6922DDF30100075244 /* p-3.jpg in Resources */,
				1138257F22DDF2AC0014B691 /* Assets.xcassets in Resources */,
				112F2F6D22DDF30100075244 /* File.rtf in Resources */,
			);
			runOnlyForDeploymentPostprocessing = 0;
		};
		1138258922DDF2AC0014B691 /* Resources */ = {
			isa = PBXResourcesBuildPhase;
			buildActionMask = 2147483647;
			files = (
			);
			runOnlyForDeploymentPostprocessing = 0;
		};
/* End PBXResourcesBuildPhase section */

/* Begin PBXSourcesBuildPhase section */
		1138257122DDF2AA0014B691 /* Sources */ = {
			isa = PBXSourcesBuildPhase;
			buildActionMask = 2147483647;
			files = (
				11333F3A22E046BF00ABBCFE /* NetworkManager.swift in Sources */,
				11333F4022E04B4D00ABBCFE /* CourseRow.swift in Sources */,
				11FCDD1022DF25590013FDB9 /* APIService.swift in Sources */,
				115C17D522DF3ABD00262980 /* BookDetail.swift in Sources */,
				112F2F6C22DDF30100075244 /* MenuItem.swift in Sources */,
				68DF431C2842990A00FEB792 /* GridListItem.swift in Sources */,
				115C17CB22DF39FF00262980 /* Book.swift in Sources */,
				112F2F6B22DDF30100075244 /* Tutor.swift in Sources */,
				115C17D722DF3AD700262980 /* SearchBookView.swift in Sources */,
				11333F4222E0514F00ABBCFE /* ImageViewWidget.swift in Sources */,
				112F2F5D22DDF30100075244 /* RepoRow.swift in Sources */,
				11333F3E22E046E800ABBCFE /* Course.swift in Sources */,
				68DF42C02842360E00FEB792 /* BulkDeleteListView.swift in Sources */,
				112F2F5C22DDF30100075244 /* LandingView.swift in Sources */,
				11FCDCF922DEEAAD0013FDB9 /* FoodDetailView.swift in Sources */,
				11FCDCFB22DEEB040013FDB9 /* FoodHelper.swift in Sources */,
				68DF431A284298DD00FEB792 /* GridList.swift in Sources */,
				112F2F6222DDF30100075244 /* TutorRowView.swift in Sources */,
				11FCDD0322DF22C10013FDB9 /* Repository.swift in Sources */,
				11FCDD0522DF22D40013FDB9 /* User.swift in Sources */,
				68DF42C7284295A300FEB792 /* ListWithLazyVGrid.swift in Sources */,
				68DF432028429F1800FEB792 /* ComplexGridView.swift in Sources */,
				112F2F6522DDF30100075244 /* SettingsView.swift in Sources */,
				115C17CD22DF3A3A00262980 /* BookDisplayData.swift in Sources */,
				11333F3C22E046D400ABBCFE /* ImagelistView.swift in Sources */,
				112F2F6322DDF30100075244 /* TutorListView.swift in Sources */,
				11333F4422E0519900ABBCFE /* ImageLoader.swift in Sources */,
				68AFC8F42842154700D3C03C /* GroupedListView.swift in Sources */,
				112F2F5722DDF30100075244 /* FormView.swift in Sources */,
				112F2F5A22DDF30100075244 /* MenuRow.swift in Sources */,
				11FCDD1C22DF26220013FDB9 /* RepositoryListRow.swift in Sources */,
				11FCDD0722DF22F20013FDB9 /* AnySubscription.swift in Sources */,
				115CD1A522DF3D1000791A86 /* PriceView.swift in Sources */,
				112F2F6422DDF30100075244 /* TutorDetailView.swift in Sources */,
				68DF42C428424BE000FEB792 /* SearchRepoViewModel.swift in Sources */,
				68AFC8F028420EEE00D3C03C /* ExpandCollapseView.swift in Sources */,
				11FCDD1222DF25870013FDB9 /* APIServiceError.swift in Sources */,
				11FCDD0922DF23DC0013FDB9 /* UnidirectionalDataFlowType.swift in Sources */,
				115C17D022DF3A7C00262980 /* BookAPIService.swift in Sources */,
				112F2F5E22DDF30100075244 /* SearchRepoView.swift in Sources */,
				112F2F5B22DDF30100075244 /* MenuDetailView.swift in Sources */,
				112F2F6022DDF30100075244 /* ServiceHelper.swift in Sources */,
				11FCDD1A22DF26050013FDB9 /* RepositoryListView.swift in Sources */,
				68DF432228429FE700FEB792 /* ComplexGridView2.swift in Sources */,
				115C17D222DF3A9A00262980 /* FoundationExtensions.swift in Sources */,
				112F2F6622DDF30100075244 /* SettingsStore.swift in Sources */,
				115C17DE22DF3B2800262980 /* SearchBookCell.swift in Sources */,
				112F2F6122DDF30100075244 /* Repo.swift in Sources */,
				112F2F7122DDF73900075244 /* LoginView.swift in Sources */,
				11FCDD1E22DF26340013FDB9 /* RepositoryDetailView.swift in Sources */,
				115C17DA22DF3AFB00262980 /* SearchBookViewModel.swift in Sources */,
				115CD1A722DF3D2700791A86 /* DataStackView.swift in Sources */,
				11FCDD1422DF259C0013FDB9 /* TrackerService.swift in Sources */,
				1138257922DDF2AA0014B691 /* AppDelegate.swift in Sources */,
				11FCDCF722DEE9C40013FDB9 /* FoodDetailRow.swift in Sources */,
				11EA162022DE044B00C799D2 /* FoodList.swift in Sources */,
				11FCDD1822DF25C60013FDB9 /* ExperimentService.swift in Sources */,
				11FCDD0B22DF243C0013FDB9 /* RepositoryDetailViewModel.swift in Sources */,
				1138257B22DDF2AA0014B691 /* SceneDelegate.swift in Sources */,
				11FCDD0D22DF24EA0013FDB9 /* RepositoryListViewModel.swift in Sources */,
				11FCDCF522DEE9230013FDB9 /* Food.swift in Sources */,
				112F2F5922DDF30100075244 /* MenuListView.swift in Sources */,
				11FCDD1622DF25B40013FDB9 /* SearchRepositoryRequest.swift in Sources */,
				11FCDD0122DF22AA0013FDB9 /* SearchRepositoryResponse.swift in Sources */,
				68AFC8EB2841E0C100D3C03C /* MyProfileView.swift in Sources */,
				112F2F5F22DDF30100075244 /* ReposStore.swift in Sources */,
				68DF42C22842362200FEB792 /* SwipeDeleteListView.swift in Sources */,
				112F2F5822DDF30100075244 /* FormRow.swift in Sources */,
				115C17DC22DF3B1500262980 /* SearchBookBar.swift in Sources */,
				68AFC8E82841D6DB00D3C03C /* TabBarView.swift in Sources */,
				115CD1A422DF3D1000791A86 /* DealView.swift in Sources */,
			);
			runOnlyForDeploymentPostprocessing = 0;
		};
		1138258722DDF2AC0014B691 /* Sources */ = {
			isa = PBXSourcesBuildPhase;
			buildActionMask = 2147483647;
			files = (
				1138259022DDF2AC0014B691 /* SwiftUIDemoTests.swift in Sources */,
			);
			runOnlyForDeploymentPostprocessing = 0;
		};
/* End PBXSourcesBuildPhase section */

/* Begin PBXTargetDependency section */
		1138258D22DDF2AC0014B691 /* PBXTargetDependency */ = {
			isa = PBXTargetDependency;
			target = 1138257422DDF2AA0014B691 /* SwiftUIDemo */;
			targetProxy = 1138258C22DDF2AC0014B691 /* PBXContainerItemProxy */;
		};
/* End PBXTargetDependency section */

/* Begin PBXVariantGroup section */
		1138258322DDF2AC0014B691 /* LaunchScreen.storyboard */ = {
			isa = PBXVariantGroup;
			children = (
				1138258422DDF2AC0014B691 /* Base */,
			);
			name = LaunchScreen.storyboard;
			sourceTree = "<group>";
		};
/* End PBXVariantGroup section */

/* Begin XCBuildConfiguration section */
		1138259222DDF2AC0014B691 /* Debug */ = {
			isa = XCBuildConfiguration;
			buildSettings = {
				ALWAYS_SEARCH_USER_PATHS = NO;
				CLANG_ANALYZER_NONNULL = YES;
				CLANG_ANALYZER_NUMBER_OBJECT_CONVERSION = YES_AGGRESSIVE;
				CLANG_CXX_LANGUAGE_STANDARD = "gnu++14";
				CLANG_CXX_LIBRARY = "libc++";
				CLANG_ENABLE_MODULES = YES;
				CLANG_ENABLE_OBJC_ARC = YES;
				CLANG_ENABLE_OBJC_WEAK = YES;
				CLANG_WARN_BLOCK_CAPTURE_AUTORELEASING = YES;
				CLANG_WARN_BOOL_CONVERSION = YES;
				CLANG_WARN_COMMA = YES;
				CLANG_WARN_CONSTANT_CONVERSION = YES;
				CLANG_WARN_DEPRECATED_OBJC_IMPLEMENTATIONS = YES;
				CLANG_WARN_DIRECT_OBJC_ISA_USAGE = YES_ERROR;
				CLANG_WARN_DOCUMENTATION_COMMENTS = YES;
				CLANG_WARN_EMPTY_BODY = YES;
				CLANG_WARN_ENUM_CONVERSION = YES;
				CLANG_WARN_INFINITE_RECURSION = YES;
				CLANG_WARN_INT_CONVERSION = YES;
				CLANG_WARN_NON_LITERAL_NULL_CONVERSION = YES;
				CLANG_WARN_OBJC_IMPLICIT_RETAIN_SELF = YES;
				CLANG_WARN_OBJC_LITERAL_CONVERSION = YES;
				CLANG_WARN_OBJC_ROOT_CLASS = YES_ERROR;
				CLANG_WARN_QUOTED_INCLUDE_IN_FRAMEWORK_HEADER = YES;
				CLANG_WARN_RANGE_LOOP_ANALYSIS = YES;
				CLANG_WARN_STRICT_PROTOTYPES = YES;
				CLANG_WARN_SUSPICIOUS_MOVE = YES;
				CLANG_WARN_UNGUARDED_AVAILABILITY = YES_AGGRESSIVE;
				CLANG_WARN_UNREACHABLE_CODE = YES;
				CLANG_WARN__DUPLICATE_METHOD_MATCH = YES;
				COPY_PHASE_STRIP = NO;
				DEBUG_INFORMATION_FORMAT = dwarf;
				ENABLE_STRICT_OBJC_MSGSEND = YES;
				ENABLE_TESTABILITY = YES;
				GCC_C_LANGUAGE_STANDARD = gnu11;
				GCC_DYNAMIC_NO_PIC = NO;
				GCC_NO_COMMON_BLOCKS = YES;
				GCC_OPTIMIZATION_LEVEL = 0;
				GCC_PREPROCESSOR_DEFINITIONS = (
					"DEBUG=1",
					"$(inherited)",
				);
				GCC_WARN_64_TO_32_BIT_CONVERSION = YES;
				GCC_WARN_ABOUT_RETURN_TYPE = YES_ERROR;
				GCC_WARN_UNDECLARED_SELECTOR = YES;
				GCC_WARN_UNINITIALIZED_AUTOS = YES_AGGRESSIVE;
				GCC_WARN_UNUSED_FUNCTION = YES;
				GCC_WARN_UNUSED_VARIABLE = YES;
				IPHONEOS_DEPLOYMENT_TARGET = 13.0;
				MTL_ENABLE_DEBUG_INFO = INCLUDE_SOURCE;
				MTL_FAST_MATH = YES;
				ONLY_ACTIVE_ARCH = YES;
				SDKROOT = iphoneos;
				SWIFT_ACTIVE_COMPILATION_CONDITIONS = DEBUG;
				SWIFT_OPTIMIZATION_LEVEL = "-Onone";
			};
			name = Debug;
		};
		1138259322DDF2AC0014B691 /* Release */ = {
			isa = XCBuildConfiguration;
			buildSettings = {
				ALWAYS_SEARCH_USER_PATHS = NO;
				CLANG_ANALYZER_NONNULL = YES;
				CLANG_ANALYZER_NUMBER_OBJECT_CONVERSION = YES_AGGRESSIVE;
				CLANG_CXX_LANGUAGE_STANDARD = "gnu++14";
				CLANG_CXX_LIBRARY = "libc++";
				CLANG_ENABLE_MODULES = YES;
				CLANG_ENABLE_OBJC_ARC = YES;
				CLANG_ENABLE_OBJC_WEAK = YES;
				CLANG_WARN_BLOCK_CAPTURE_AUTORELEASING = YES;
				CLANG_WARN_BOOL_CONVERSION = YES;
				CLANG_WARN_COMMA = YES;
				CLANG_WARN_CONSTANT_CONVERSION = YES;
				CLANG_WARN_DEPRECATED_OBJC_IMPLEMENTATIONS = YES;
				CLANG_WARN_DIRECT_OBJC_ISA_USAGE = YES_ERROR;
				CLANG_WARN_DOCUMENTATION_COMMENTS = YES;
				CLANG_WARN_EMPTY_BODY = YES;
				CLANG_WARN_ENUM_CONVERSION = YES;
				CLANG_WARN_INFINITE_RECURSION = YES;
				CLANG_WARN_INT_CONVERSION = YES;
				CLANG_WARN_NON_LITERAL_NULL_CONVERSION = YES;
				CLANG_WARN_OBJC_IMPLICIT_RETAIN_SELF = YES;
				CLANG_WARN_OBJC_LITERAL_CONVERSION = YES;
				CLANG_WARN_OBJC_ROOT_CLASS = YES_ERROR;
				CLANG_WARN_QUOTED_INCLUDE_IN_FRAMEWORK_HEADER = YES;
				CLANG_WARN_RANGE_LOOP_ANALYSIS = YES;
				CLANG_WARN_STRICT_PROTOTYPES = YES;
				CLANG_WARN_SUSPICIOUS_MOVE = YES;
				CLANG_WARN_UNGUARDED_AVAILABILITY = YES_AGGRESSIVE;
				CLANG_WARN_UNREACHABLE_CODE = YES;
				CLANG_WARN__DUPLICATE_METHOD_MATCH = YES;
				COPY_PHASE_STRIP = NO;
				DEBUG_INFORMATION_FORMAT = "dwarf-with-dsym";
				ENABLE_NS_ASSERTIONS = NO;
				ENABLE_STRICT_OBJC_MSGSEND = YES;
				GCC_C_LANGUAGE_STANDARD = gnu11;
				GCC_NO_COMMON_BLOCKS = YES;
				GCC_WARN_64_TO_32_BIT_CONVERSION = YES;
				GCC_WARN_ABOUT_RETURN_TYPE = YES_ERROR;
				GCC_WARN_UNDECLARED_SELECTOR = YES;
				GCC_WARN_UNINITIALIZED_AUTOS = YES_AGGRESSIVE;
				GCC_WARN_UNUSED_FUNCTION = YES;
				GCC_WARN_UNUSED_VARIABLE = YES;
				IPHONEOS_DEPLOYMENT_TARGET = 13.0;
				MTL_ENABLE_DEBUG_INFO = NO;
				MTL_FAST_MATH = YES;
				SDKROOT = iphoneos;
				SWIFT_COMPILATION_MODE = wholemodule;
				SWIFT_OPTIMIZATION_LEVEL = "-O";
				VALIDATE_PRODUCT = YES;
			};
			name = Release;
		};
		1138259522DDF2AC0014B691 /* Debug */ = {
			isa = XCBuildConfiguration;
			buildSettings = {
				ASSETCATALOG_COMPILER_APPICON_NAME = AppIcon;
				CODE_SIGN_STYLE = Automatic;
				DEVELOPMENT_ASSET_PATHS = "SwiftUIDemo/Preview\\ Content";
				ENABLE_PREVIEWS = YES;
				INFOPLIST_FILE = SwiftUIDemo/Info.plist;
				IPHONEOS_DEPLOYMENT_TARGET = 14.0;
				LD_RUNPATH_SEARCH_PATHS = (
					"$(inherited)",
					"@executable_path/Frameworks",
				);
				PRODUCT_BUNDLE_IDENTIFIER = rheyansh.SwiftUIDemo;
				PRODUCT_NAME = "$(TARGET_NAME)";
				SWIFT_VERSION = 5.0;
				TARGETED_DEVICE_FAMILY = "1,2";
			};
			name = Debug;
		};
		1138259622DDF2AC0014B691 /* Release */ = {
			isa = XCBuildConfiguration;
			buildSettings = {
				ASSETCATALOG_COMPILER_APPICON_NAME = AppIcon;
				CODE_SIGN_STYLE = Automatic;
				DEVELOPMENT_ASSET_PATHS = "SwiftUIDemo/Preview\\ Content";
				ENABLE_PREVIEWS = YES;
				INFOPLIST_FILE = SwiftUIDemo/Info.plist;
				IPHONEOS_DEPLOYMENT_TARGET = 14.0;
				LD_RUNPATH_SEARCH_PATHS = (
					"$(inherited)",
					"@executable_path/Frameworks",
				);
				PRODUCT_BUNDLE_IDENTIFIER = rheyansh.SwiftUIDemo;
				PRODUCT_NAME = "$(TARGET_NAME)";
				SWIFT_VERSION = 5.0;
				TARGETED_DEVICE_FAMILY = "1,2";
			};
			name = Release;
		};
		1138259822DDF2AC0014B691 /* Debug */ = {
			isa = XCBuildConfiguration;
			buildSettings = {
				ALWAYS_EMBED_SWIFT_STANDARD_LIBRARIES = YES;
				BUNDLE_LOADER = "$(TEST_HOST)";
				CODE_SIGN_STYLE = Automatic;
				INFOPLIST_FILE = SwiftUIDemoTests/Info.plist;
				LD_RUNPATH_SEARCH_PATHS = (
					"$(inherited)",
					"@executable_path/Frameworks",
					"@loader_path/Frameworks",
				);
				PRODUCT_BUNDLE_IDENTIFIER = rheyansh.SwiftUIDemoTests;
				PRODUCT_NAME = "$(TARGET_NAME)";
				SWIFT_VERSION = 5.0;
				TARGETED_DEVICE_FAMILY = "1,2";
				TEST_HOST = "$(BUILT_PRODUCTS_DIR)/SwiftUIDemo.app/SwiftUIDemo";
			};
			name = Debug;
		};
		1138259922DDF2AC0014B691 /* Release */ = {
			isa = XCBuildConfiguration;
			buildSettings = {
				ALWAYS_EMBED_SWIFT_STANDARD_LIBRARIES = YES;
				BUNDLE_LOADER = "$(TEST_HOST)";
				CODE_SIGN_STYLE = Automatic;
				INFOPLIST_FILE = SwiftUIDemoTests/Info.plist;
				LD_RUNPATH_SEARCH_PATHS = (
					"$(inherited)",
					"@executable_path/Frameworks",
					"@loader_path/Frameworks",
				);
				PRODUCT_BUNDLE_IDENTIFIER = rheyansh.SwiftUIDemoTests;
				PRODUCT_NAME = "$(TARGET_NAME)";
				SWIFT_VERSION = 5.0;
				TARGETED_DEVICE_FAMILY = "1,2";
				TEST_HOST = "$(BUILT_PRODUCTS_DIR)/SwiftUIDemo.app/SwiftUIDemo";
			};
			name = Release;
		};
/* End XCBuildConfiguration section */

/* Begin XCConfigurationList section */
		1138257022DDF2AA0014B691 /* Build configuration list for PBXProject "SwiftUIDemo" */ = {
			isa = XCConfigurationList;
			buildConfigurations = (
				1138259222DDF2AC0014B691 /* Debug */,
				1138259322DDF2AC0014B691 /* Release */,
			);
			defaultConfigurationIsVisible = 0;
			defaultConfigurationName = Release;
		};
		1138259422DDF2AC0014B691 /* Build configuration list for PBXNativeTarget "SwiftUIDemo" */ = {
			isa = XCConfigurationList;
			buildConfigurations = (
				1138259522DDF2AC0014B691 /* Debug */,
				1138259622DDF2AC0014B691 /* Release */,
			);
			defaultConfigurationIsVisible = 0;
			defaultConfigurationName = Release;
		};
		1138259722DDF2AC0014B691 /* Build configuration list for PBXNativeTarget "SwiftUIDemoTests" */ = {
			isa = XCConfigurationList;
			buildConfigurations = (
				1138259822DDF2AC0014B691 /* Debug */,
				1138259922DDF2AC0014B691 /* Release */,
			);
			defaultConfigurationIsVisible = 0;
			defaultConfigurationName = Release;
		};
/* End XCConfigurationList section */
	};
	rootObject = 1138256D22DDF2AA0014B691 /* Project object */;
}
